// !$*UTF8*$!
{
	archiveVersion = 1;
	classes = {
	};
	objectVersion = 46;
	objects = {

/* Begin PBXBuildFile section */
		2A3728E71F5E395900F95B77 /* SearchContentVC.swift in Sources */ = {isa = PBXBuildFile; fileRef = 2A3728E61F5E395900F95B77 /* SearchContentVC.swift */; };
		2A3728EF1F5FE09200F95B77 /* SearchContentLayout.swift in Sources */ = {isa = PBXBuildFile; fileRef = 2A3728EE1F5FE09200F95B77 /* SearchContentLayout.swift */; };
		2A4303511F34553000C0CFDA /* Mian.swift in Sources */ = {isa = PBXBuildFile; fileRef = 2A4303501F34553000C0CFDA /* Mian.swift */; };
		2A4303531F345DDF00C0CFDA /* FactCarNavigation.swift in Sources */ = {isa = PBXBuildFile; fileRef = 2A4303521F345DDF00C0CFDA /* FactCarNavigation.swift */; };
		2A4A8ABD1F4C30BB003C2FA5 /* WTSFactCarGifView.swift in Sources */ = {isa = PBXBuildFile; fileRef = 2A4A8ABC1F4C30BB003C2FA5 /* WTSFactCarGifView.swift */; };
		2A5BF9941F37F2D600D8A50E /* WTSNewsViewController.swift in Sources */ = {isa = PBXBuildFile; fileRef = 2A5BF9931F37F2D600D8A50E /* WTSNewsViewController.swift */; };
		2A62597F1F467484006DB2CA /* WTSNewsMoudleS.swift in Sources */ = {isa = PBXBuildFile; fileRef = 2A62597E1F467484006DB2CA /* WTSNewsMoudleS.swift */; };
		2A8C916A1F4FEDA900A6FDE2 /* vcTransition1.json in Resources */ = {isa = PBXBuildFile; fileRef = 2A8C91681F4FEDA900A6FDE2 /* vcTransition1.json */; };
		2A8C916B1F4FEDA900A6FDE2 /* vcTransition2.json in Resources */ = {isa = PBXBuildFile; fileRef = 2A8C91691F4FEDA900A6FDE2 /* vcTransition2.json */; };
		2A8C916D1F50096800A6FDE2 /* WTSSearchViewController.swift in Sources */ = {isa = PBXBuildFile; fileRef = 2A8C916C1F50096800A6FDE2 /* WTSSearchViewController.swift */; };
		2A8C91721F50140100A6FDE2 /* WTSSearchHeaderViewTableViewCell.swift in Sources */ = {isa = PBXBuildFile; fileRef = 2A8C91701F50140100A6FDE2 /* WTSSearchHeaderViewTableViewCell.swift */; };
		2A8C91731F50140100A6FDE2 /* WTSSearchHeaderViewTableViewCell.xib in Resources */ = {isa = PBXBuildFile; fileRef = 2A8C91711F50140100A6FDE2 /* WTSSearchHeaderViewTableViewCell.xib */; };
		2A8CFBBD1F3AA7FD00F20D4A /* WTSHotSpotTableView.swift in Sources */ = {isa = PBXBuildFile; fileRef = 2A8CFBBC1F3AA7FD00F20D4A /* WTSHotSpotTableView.swift */; };
		2A8CFBBF1F3AA90C00F20D4A /* WTSVideoTableView.swift in Sources */ = {isa = PBXBuildFile; fileRef = 2A8CFBBE1F3AA90C00F20D4A /* WTSVideoTableView.swift */; };
		2A8CFBC11F3AA93400F20D4A /* WTSLiveTableView.swift in Sources */ = {isa = PBXBuildFile; fileRef = 2A8CFBC01F3AA93400F20D4A /* WTSLiveTableView.swift */; };
		2A8CFBC31F3AA95B00F20D4A /* WTSEvaluatingTableView.swift in Sources */ = {isa = PBXBuildFile; fileRef = 2A8CFBC21F3AA95B00F20D4A /* WTSEvaluatingTableView.swift */; };
		2A8CFBC51F3AA97100F20D4A /* WTSShoppingTableView.swift in Sources */ = {isa = PBXBuildFile; fileRef = 2A8CFBC41F3AA97100F20D4A /* WTSShoppingTableView.swift */; };
		2A8CFBC71F3AA98200F20D4A /* WTSNewCarTableView.swift in Sources */ = {isa = PBXBuildFile; fileRef = 2A8CFBC61F3AA98200F20D4A /* WTSNewCarTableView.swift */; };
		2A8CFBC91F3AA99800F20D4A /* WTSUseCarTableView.swift in Sources */ = {isa = PBXBuildFile; fileRef = 2A8CFBC81F3AA99800F20D4A /* WTSUseCarTableView.swift */; };
		2A8CFBCB1F3AA9B400F20D4A /* WTSCaltureTableView.swift in Sources */ = {isa = PBXBuildFile; fileRef = 2A8CFBCA1F3AA9B400F20D4A /* WTSCaltureTableView.swift */; };
		2A8CFBCD1F3AA9C900F20D4A /* WTSTravelTableView.swift in Sources */ = {isa = PBXBuildFile; fileRef = 2A8CFBCC1F3AA9C900F20D4A /* WTSTravelTableView.swift */; };
		2A8CFBCF1F3AA9E500F20D4A /* WTSTechnologyTableView.swift in Sources */ = {isa = PBXBuildFile; fileRef = 2A8CFBCE1F3AA9E500F20D4A /* WTSTechnologyTableView.swift */; };
		2A8CFBD11F3AA9F900F20D4A /* WTSMarketTableView.swift in Sources */ = {isa = PBXBuildFile; fileRef = 2A8CFBD01F3AA9F900F20D4A /* WTSMarketTableView.swift */; };
		2A8CFBD31F3AAABC00F20D4A /* WTSBusinessTableView.swift in Sources */ = {isa = PBXBuildFile; fileRef = 2A8CFBD21F3AAABC00F20D4A /* WTSBusinessTableView.swift */; };
		2A8CFBD51F3AAF1E00F20D4A /* WTSRootTableView.swift in Sources */ = {isa = PBXBuildFile; fileRef = 2A8CFBD41F3AAF1E00F20D4A /* WTSRootTableView.swift */; };
		2A8CFBD71F3AAF8400F20D4A /* WTSRootTableView.xib in Resources */ = {isa = PBXBuildFile; fileRef = 2A8CFBD61F3AAF8400F20D4A /* WTSRootTableView.xib */; };
		2A8CFBDD1F3B263B00F20D4A /* WTSFactCarRefreshGifHeader.swift in Sources */ = {isa = PBXBuildFile; fileRef = 2A8CFBDC1F3B263B00F20D4A /* WTSFactCarRefreshGifHeader.swift */; };
		2A92C30F1F568BF300F3FCA3 /* SearchHotSpotLabelsCollectionView.swift in Sources */ = {isa = PBXBuildFile; fileRef = 2A92C30E1F568BF300F3FCA3 /* SearchHotSpotLabelsCollectionView.swift */; };
		2A92C3121F568E3A00F3FCA3 /* SearchHotSpotLabelsCell.swift in Sources */ = {isa = PBXBuildFile; fileRef = 2A92C3101F568E3A00F3FCA3 /* SearchHotSpotLabelsCell.swift */; };
		2A92C3151F56AC6700F3FCA3 /* SearchNetServer.swift in Sources */ = {isa = PBXBuildFile; fileRef = 2A92C3141F56AC6700F3FCA3 /* SearchNetServer.swift */; };
		2ABC5D261F4A6A5400739A8B /* WTSHotSpotNormalCell.swift in Sources */ = {isa = PBXBuildFile; fileRef = 2ABC5D241F4A6A5400739A8B /* WTSHotSpotNormalCell.swift */; };
		2ABC5D271F4A6A5400739A8B /* WTSHotSpotNormalCell.xib in Resources */ = {isa = PBXBuildFile; fileRef = 2ABC5D251F4A6A5400739A8B /* WTSHotSpotNormalCell.xib */; };
		2ABC5D2A1F4A775A00739A8B /* WTSHotSpotThirdImgCell.swift in Sources */ = {isa = PBXBuildFile; fileRef = 2ABC5D281F4A775A00739A8B /* WTSHotSpotThirdImgCell.swift */; };
		2ABC5D2B1F4A775A00739A8B /* WTSHotSpotThirdImgCell.xib in Resources */ = {isa = PBXBuildFile; fileRef = 2ABC5D291F4A775A00739A8B /* WTSHotSpotThirdImgCell.xib */; };
		2ABC5D301F4A86BD00739A8B /* WTSFourButtonCell.swift in Sources */ = {isa = PBXBuildFile; fileRef = 2ABC5D2E1F4A86BD00739A8B /* WTSFourButtonCell.swift */; };
		2ABC5D311F4A86BD00739A8B /* WTSFourButtonCell.xib in Resources */ = {isa = PBXBuildFile; fileRef = 2ABC5D2F1F4A86BD00739A8B /* WTSFourButtonCell.xib */; };
		2ABC5D341F4BD5C100739A8B /* WTSHotSpotAdCell.swift in Sources */ = {isa = PBXBuildFile; fileRef = 2ABC5D321F4BD5C100739A8B /* WTSHotSpotAdCell.swift */; };
		2ABC5D351F4BD5C100739A8B /* WTSHotSpotAdCell.xib in Resources */ = {isa = PBXBuildFile; fileRef = 2ABC5D331F4BD5C100739A8B /* WTSHotSpotAdCell.xib */; };
		2ACFE1181F60D841003E5071 /* SearchStoryCell.swift in Sources */ = {isa = PBXBuildFile; fileRef = 2ACFE1171F60D841003E5071 /* SearchStoryCell.swift */; };
		2ACFE11C1F62661F003E5071 /* SearchCarMoudleCell.swift in Sources */ = {isa = PBXBuildFile; fileRef = 2ACFE11B1F62661F003E5071 /* SearchCarMoudleCell.swift */; };
		2ACFE11E1F628DAE003E5071 /* SearchVideoCell.swift in Sources */ = {isa = PBXBuildFile; fileRef = 2ACFE11D1F628DAE003E5071 /* SearchVideoCell.swift */; };
		2ACFE1201F66286E003E5071 /* VideoCollectionViewCell.swift in Sources */ = {isa = PBXBuildFile; fileRef = 2ACFE11F1F66286E003E5071 /* VideoCollectionViewCell.swift */; };
		2ACFE1221F6628CE003E5071 /* VideoPlayCell.swift in Sources */ = {isa = PBXBuildFile; fileRef = 2ACFE1211F6628CE003E5071 /* VideoPlayCell.swift */; };
		2AD23FD61F5CF1D300B79131 /* SearchMoudle.swift in Sources */ = {isa = PBXBuildFile; fileRef = 2AD23FD51F5CF1D300B79131 /* SearchMoudle.swift */; };
		2AD23FD81F5D2A2B00B79131 /* SearchContentCell.swift in Sources */ = {isa = PBXBuildFile; fileRef = 2AD23FD71F5D2A2B00B79131 /* SearchContentCell.swift */; };
		2AECDA231F53A7D300B8C8B2 /* WTSRootCollectionVC.swift in Sources */ = {isa = PBXBuildFile; fileRef = 2AECDA221F53A7D300B8C8B2 /* WTSRootCollectionVC.swift */; };
		2AECDA261F53BAF500B8C8B2 /* HotSpotCell.swift in Sources */ = {isa = PBXBuildFile; fileRef = 2AECDA251F53BAF500B8C8B2 /* HotSpotCell.swift */; };
		2AECDA281F53BB0D00B8C8B2 /* VideoCell.swift in Sources */ = {isa = PBXBuildFile; fileRef = 2AECDA271F53BB0D00B8C8B2 /* VideoCell.swift */; };
		2AECDA2A1F53BB1A00B8C8B2 /* LiveCell.swift in Sources */ = {isa = PBXBuildFile; fileRef = 2AECDA291F53BB1A00B8C8B2 /* LiveCell.swift */; };
		2AECDA2C1F53BB3000B8C8B2 /* BusinessCell.swift in Sources */ = {isa = PBXBuildFile; fileRef = 2AECDA2B1F53BB3000B8C8B2 /* BusinessCell.swift */; };
		2AECDA301F53BB6500B8C8B2 /* EvaluatingCell.swift in Sources */ = {isa = PBXBuildFile; fileRef = 2AECDA2F1F53BB6500B8C8B2 /* EvaluatingCell.swift */; };
		2AECDA321F53BB7500B8C8B2 /* ShoppingCell.swift in Sources */ = {isa = PBXBuildFile; fileRef = 2AECDA311F53BB7500B8C8B2 /* ShoppingCell.swift */; };
		2AECDA341F53BB8200B8C8B2 /* NewCarCell.swift in Sources */ = {isa = PBXBuildFile; fileRef = 2AECDA331F53BB8200B8C8B2 /* NewCarCell.swift */; };
		2AECDA361F53BB9400B8C8B2 /* UseCarCell.swift in Sources */ = {isa = PBXBuildFile; fileRef = 2AECDA351F53BB9400B8C8B2 /* UseCarCell.swift */; };
		2AECDA381F53BBA600B8C8B2 /* CaltureCell.swift in Sources */ = {isa = PBXBuildFile; fileRef = 2AECDA371F53BBA600B8C8B2 /* CaltureCell.swift */; };
		2AECDA3A1F53BBB500B8C8B2 /* TravelCell.swift in Sources */ = {isa = PBXBuildFile; fileRef = 2AECDA391F53BBB500B8C8B2 /* TravelCell.swift */; };
		2AECDA3C1F53BBD700B8C8B2 /* TechnologyCell.swift in Sources */ = {isa = PBXBuildFile; fileRef = 2AECDA3B1F53BBD700B8C8B2 /* TechnologyCell.swift */; };
		2AECDA3E1F53BBE400B8C8B2 /* MarketCell.swift in Sources */ = {isa = PBXBuildFile; fileRef = 2AECDA3D1F53BBE400B8C8B2 /* MarketCell.swift */; };
		2AECDA451F53EA8D00B8C8B2 /* RootCollectionLayout.swift in Sources */ = {isa = PBXBuildFile; fileRef = 2AECDA441F53EA8D00B8C8B2 /* RootCollectionLayout.swift */; };
		2AECDA481F5425C400B8C8B2 /* WTSRootTitleView.swift in Sources */ = {isa = PBXBuildFile; fileRef = 2AECDA471F5425C400B8C8B2 /* WTSRootTitleView.swift */; };
		B2B4278C20FB590E6A5F9173 /* Pods_FactCar.framework in Frameworks */ = {isa = PBXBuildFile; fileRef = DA756925C813D31B5CDD66E8 /* Pods_FactCar.framework */; };
		D25332421F341A8200AB12CB /* Main.storyboard in Resources */ = {isa = PBXBuildFile; fileRef = D25332401F341A8200AB12CB /* Main.storyboard */; };
		D25332441F341A8200AB12CB /* Assets.xcassets in Resources */ = {isa = PBXBuildFile; fileRef = D25332431F341A8200AB12CB /* Assets.xcassets */; };
		D25332471F341A8200AB12CB /* LaunchScreen.storyboard in Resources */ = {isa = PBXBuildFile; fileRef = D25332451F341A8200AB12CB /* LaunchScreen.storyboard */; };
		D25332631F341D8F00AB12CB /* AppDelegate.swift in Sources */ = {isa = PBXBuildFile; fileRef = D25332601F341D8F00AB12CB /* AppDelegate.swift */; };
		D25332641F341D8F00AB12CB /* Info.plist in Resources */ = {isa = PBXBuildFile; fileRef = D25332611F341D8F00AB12CB /* Info.plist */; };
		D2F0951F1F3440380049BB39 /* News.storyboard in Resources */ = {isa = PBXBuildFile; fileRef = D2F0951E1F3440380049BB39 /* News.storyboard */; };
		D2F095231F344FCA0049BB39 /* NewsNetServer.swift in Sources */ = {isa = PBXBuildFile; fileRef = D2F095221F344FCA0049BB39 /* NewsNetServer.swift */; };
		D2F095271F344FF90049BB39 /* My.storyboard in Resources */ = {isa = PBXBuildFile; fileRef = D2F095261F344FF90049BB39 /* My.storyboard */; };
		D2F095291F3450070049BB39 /* MyModel.swift in Sources */ = {isa = PBXBuildFile; fileRef = D2F095281F3450070049BB39 /* MyModel.swift */; };
		D2F0952B1F34501C0049BB39 /* MyNetServer.swift in Sources */ = {isa = PBXBuildFile; fileRef = D2F0952A1F34501C0049BB39 /* MyNetServer.swift */; };
		D2F0952D1F34502A0049BB39 /* MyView.xib in Resources */ = {isa = PBXBuildFile; fileRef = D2F0952C1F34502A0049BB39 /* MyView.xib */; };
		D2F0952F1F34504F0049BB39 /* Activity.storyboard in Resources */ = {isa = PBXBuildFile; fileRef = D2F0952E1F34504F0049BB39 /* Activity.storyboard */; };
		D2F095311F34506C0049BB39 /* ActivityModel.swift in Sources */ = {isa = PBXBuildFile; fileRef = D2F095301F34506C0049BB39 /* ActivityModel.swift */; };
		D2F095331F3450A20049BB39 /* ActivityNetServer.swift in Sources */ = {isa = PBXBuildFile; fileRef = D2F095321F3450A20049BB39 /* ActivityNetServer.swift */; };
		D2F095351F3450F70049BB39 /* Activity.xib in Resources */ = {isa = PBXBuildFile; fileRef = D2F095341F3450F70049BB39 /* Activity.xib */; };
		D2F095371F3451350049BB39 /* Choiceness.storyboard in Resources */ = {isa = PBXBuildFile; fileRef = D2F095361F3451350049BB39 /* Choiceness.storyboard */; };
		D2F095391F34514B0049BB39 /* ChoicenessModel.swift in Sources */ = {isa = PBXBuildFile; fileRef = D2F095381F34514B0049BB39 /* ChoicenessModel.swift */; };
		D2F0953B1F3451680049BB39 /* ChoicenessNetServer.swift in Sources */ = {isa = PBXBuildFile; fileRef = D2F0953A1F3451680049BB39 /* ChoicenessNetServer.swift */; };
		D2F0953D1F3451940049BB39 /* Choiceness.xib in Resources */ = {isa = PBXBuildFile; fileRef = D2F0953C1F3451940049BB39 /* Choiceness.xib */; };
		D2F0953F1F3451B30049BB39 /* ChooseCar.storyboard in Resources */ = {isa = PBXBuildFile; fileRef = D2F0953E1F3451B30049BB39 /* ChooseCar.storyboard */; };
		D2F095411F3452520049BB39 /* ChooseCarModel.swift in Sources */ = {isa = PBXBuildFile; fileRef = D2F095401F3452520049BB39 /* ChooseCarModel.swift */; };
		D2F095431F34526A0049BB39 /* ChooseCarNetServer.swift in Sources */ = {isa = PBXBuildFile; fileRef = D2F095421F34526A0049BB39 /* ChooseCarNetServer.swift */; };
		D2F095451F3452750049BB39 /* ChooseCar.xib in Resources */ = {isa = PBXBuildFile; fileRef = D2F095441F3452750049BB39 /* ChooseCar.xib */; };
		D2F095471F3452920049BB39 /* FactCarCategory.swift in Sources */ = {isa = PBXBuildFile; fileRef = D2F095461F3452920049BB39 /* FactCarCategory.swift */; };
		D2F095491F3452A80049BB39 /* FactCarDefine.swift in Sources */ = {isa = PBXBuildFile; fileRef = D2F095481F3452A80049BB39 /* FactCarDefine.swift */; };
		D2F0954B1F3452C80049BB39 /* FactCarPublicView.swift in Sources */ = {isa = PBXBuildFile; fileRef = D2F0954A1F3452C80049BB39 /* FactCarPublicView.swift */; };
/* End PBXBuildFile section */

/* Begin PBXFileReference section */
		2A3728E61F5E395900F95B77 /* SearchContentVC.swift */ = {isa = PBXFileReference; fileEncoding = 4; lastKnownFileType = sourcecode.swift; path = SearchContentVC.swift; sourceTree = "<group>"; };
		2A3728EE1F5FE09200F95B77 /* SearchContentLayout.swift */ = {isa = PBXFileReference; fileEncoding = 4; lastKnownFileType = sourcecode.swift; path = SearchContentLayout.swift; sourceTree = "<group>"; };
		2A4303501F34553000C0CFDA /* Mian.swift */ = {isa = PBXFileReference; fileEncoding = 4; lastKnownFileType = sourcecode.swift; path = Mian.swift; sourceTree = "<group>"; };
		2A4303521F345DDF00C0CFDA /* FactCarNavigation.swift */ = {isa = PBXFileReference; fileEncoding = 4; lastKnownFileType = sourcecode.swift; path = FactCarNavigation.swift; sourceTree = "<group>"; };
		2A4A8AB01F4C2712003C2FA5 /* Alamofire.framework */ = {isa = PBXFileReference; lastKnownFileType = wrapper.framework; name = Alamofire.framework; path = "../../../Library/Developer/Xcode/DerivedData/FactCar-fkqjojepqznccmajryrksfanbqyz/Build/Products/Debug-iphonesimulator/Alamofire/Alamofire.framework"; sourceTree = "<group>"; };
		2A4A8AB11F4C2712003C2FA5 /* MJRefresh.framework */ = {isa = PBXFileReference; lastKnownFileType = wrapper.framework; name = MJRefresh.framework; path = "../../../Library/Developer/Xcode/DerivedData/FactCar-fkqjojepqznccmajryrksfanbqyz/Build/Products/Debug-iphonesimulator/MJRefresh/MJRefresh.framework"; sourceTree = "<group>"; };
		2A4A8AB21F4C2712003C2FA5 /* Moya.framework */ = {isa = PBXFileReference; lastKnownFileType = wrapper.framework; name = Moya.framework; path = "../../../Library/Developer/Xcode/DerivedData/FactCar-fkqjojepqznccmajryrksfanbqyz/Build/Products/Debug-iphonesimulator/Moya/Moya.framework"; sourceTree = "<group>"; };
		2A4A8AB31F4C2712003C2FA5 /* ObjectMapper.framework */ = {isa = PBXFileReference; lastKnownFileType = wrapper.framework; name = ObjectMapper.framework; path = "../../../Library/Developer/Xcode/DerivedData/FactCar-fkqjojepqznccmajryrksfanbqyz/Build/Products/Debug-iphonesimulator/ObjectMapper/ObjectMapper.framework"; sourceTree = "<group>"; };
		2A4A8AB41F4C2712003C2FA5 /* Result.framework */ = {isa = PBXFileReference; lastKnownFileType = wrapper.framework; name = Result.framework; path = "../../../Library/Developer/Xcode/DerivedData/FactCar-fkqjojepqznccmajryrksfanbqyz/Build/Products/Debug-iphonesimulator/Result/Result.framework"; sourceTree = "<group>"; };
		2A4A8AB51F4C2712003C2FA5 /* SDWebImage.framework */ = {isa = PBXFileReference; lastKnownFileType = wrapper.framework; name = SDWebImage.framework; path = "../../../Library/Developer/Xcode/DerivedData/FactCar-fkqjojepqznccmajryrksfanbqyz/Build/Products/Debug-iphonesimulator/SDWebImage/SDWebImage.framework"; sourceTree = "<group>"; };
		2A4A8ABC1F4C30BB003C2FA5 /* WTSFactCarGifView.swift */ = {isa = PBXFileReference; fileEncoding = 4; lastKnownFileType = sourcecode.swift; path = WTSFactCarGifView.swift; sourceTree = "<group>"; };
		2A5BF9931F37F2D600D8A50E /* WTSNewsViewController.swift */ = {isa = PBXFileReference; fileEncoding = 4; lastKnownFileType = sourcecode.swift; path = WTSNewsViewController.swift; sourceTree = "<group>"; };
		2A62597E1F467484006DB2CA /* WTSNewsMoudleS.swift */ = {isa = PBXFileReference; fileEncoding = 4; lastKnownFileType = sourcecode.swift; path = WTSNewsMoudleS.swift; sourceTree = "<group>"; };
		2A8C91681F4FEDA900A6FDE2 /* vcTransition1.json */ = {isa = PBXFileReference; fileEncoding = 4; lastKnownFileType = text.json; path = vcTransition1.json; sourceTree = "<group>"; };
		2A8C91691F4FEDA900A6FDE2 /* vcTransition2.json */ = {isa = PBXFileReference; fileEncoding = 4; lastKnownFileType = text.json; path = vcTransition2.json; sourceTree = "<group>"; };
		2A8C916C1F50096800A6FDE2 /* WTSSearchViewController.swift */ = {isa = PBXFileReference; fileEncoding = 4; lastKnownFileType = sourcecode.swift; path = WTSSearchViewController.swift; sourceTree = "<group>"; };
		2A8C91701F50140100A6FDE2 /* WTSSearchHeaderViewTableViewCell.swift */ = {isa = PBXFileReference; fileEncoding = 4; lastKnownFileType = sourcecode.swift; path = WTSSearchHeaderViewTableViewCell.swift; sourceTree = "<group>"; };
		2A8C91711F50140100A6FDE2 /* WTSSearchHeaderViewTableViewCell.xib */ = {isa = PBXFileReference; fileEncoding = 4; lastKnownFileType = file.xib; path = WTSSearchHeaderViewTableViewCell.xib; sourceTree = "<group>"; };
		2A8CFBBC1F3AA7FD00F20D4A /* WTSHotSpotTableView.swift */ = {isa = PBXFileReference; fileEncoding = 4; lastKnownFileType = sourcecode.swift; path = WTSHotSpotTableView.swift; sourceTree = "<group>"; };
		2A8CFBBE1F3AA90C00F20D4A /* WTSVideoTableView.swift */ = {isa = PBXFileReference; fileEncoding = 4; lastKnownFileType = sourcecode.swift; path = WTSVideoTableView.swift; sourceTree = "<group>"; };
		2A8CFBC01F3AA93400F20D4A /* WTSLiveTableView.swift */ = {isa = PBXFileReference; fileEncoding = 4; lastKnownFileType = sourcecode.swift; path = WTSLiveTableView.swift; sourceTree = "<group>"; };
		2A8CFBC21F3AA95B00F20D4A /* WTSEvaluatingTableView.swift */ = {isa = PBXFileReference; fileEncoding = 4; lastKnownFileType = sourcecode.swift; path = WTSEvaluatingTableView.swift; sourceTree = "<group>"; };
		2A8CFBC41F3AA97100F20D4A /* WTSShoppingTableView.swift */ = {isa = PBXFileReference; fileEncoding = 4; lastKnownFileType = sourcecode.swift; path = WTSShoppingTableView.swift; sourceTree = "<group>"; };
		2A8CFBC61F3AA98200F20D4A /* WTSNewCarTableView.swift */ = {isa = PBXFileReference; fileEncoding = 4; lastKnownFileType = sourcecode.swift; path = WTSNewCarTableView.swift; sourceTree = "<group>"; };
		2A8CFBC81F3AA99800F20D4A /* WTSUseCarTableView.swift */ = {isa = PBXFileReference; fileEncoding = 4; lastKnownFileType = sourcecode.swift; path = WTSUseCarTableView.swift; sourceTree = "<group>"; };
		2A8CFBCA1F3AA9B400F20D4A /* WTSCaltureTableView.swift */ = {isa = PBXFileReference; fileEncoding = 4; lastKnownFileType = sourcecode.swift; path = WTSCaltureTableView.swift; sourceTree = "<group>"; };
		2A8CFBCC1F3AA9C900F20D4A /* WTSTravelTableView.swift */ = {isa = PBXFileReference; fileEncoding = 4; lastKnownFileType = sourcecode.swift; path = WTSTravelTableView.swift; sourceTree = "<group>"; };
		2A8CFBCE1F3AA9E500F20D4A /* WTSTechnologyTableView.swift */ = {isa = PBXFileReference; fileEncoding = 4; lastKnownFileType = sourcecode.swift; path = WTSTechnologyTableView.swift; sourceTree = "<group>"; };
		2A8CFBD01F3AA9F900F20D4A /* WTSMarketTableView.swift */ = {isa = PBXFileReference; fileEncoding = 4; lastKnownFileType = sourcecode.swift; path = WTSMarketTableView.swift; sourceTree = "<group>"; };
		2A8CFBD21F3AAABC00F20D4A /* WTSBusinessTableView.swift */ = {isa = PBXFileReference; fileEncoding = 4; lastKnownFileType = sourcecode.swift; path = WTSBusinessTableView.swift; sourceTree = "<group>"; };
		2A8CFBD41F3AAF1E00F20D4A /* WTSRootTableView.swift */ = {isa = PBXFileReference; fileEncoding = 4; lastKnownFileType = sourcecode.swift; path = WTSRootTableView.swift; sourceTree = "<group>"; };
		2A8CFBD61F3AAF8400F20D4A /* WTSRootTableView.xib */ = {isa = PBXFileReference; fileEncoding = 4; lastKnownFileType = file.xib; path = WTSRootTableView.xib; sourceTree = "<group>"; };
		2A8CFBD81F3B1E1D00F20D4A /* FactCar-Bridging-Header.h */ = {isa = PBXFileReference; lastKnownFileType = sourcecode.c.h; path = "FactCar-Bridging-Header.h"; sourceTree = "<group>"; };
		2A8CFBDC1F3B263B00F20D4A /* WTSFactCarRefreshGifHeader.swift */ = {isa = PBXFileReference; fileEncoding = 4; lastKnownFileType = sourcecode.swift; path = WTSFactCarRefreshGifHeader.swift; sourceTree = "<group>"; };
		2A92C30E1F568BF300F3FCA3 /* SearchHotSpotLabelsCollectionView.swift */ = {isa = PBXFileReference; fileEncoding = 4; lastKnownFileType = sourcecode.swift; path = SearchHotSpotLabelsCollectionView.swift; sourceTree = "<group>"; };
		2A92C3101F568E3A00F3FCA3 /* SearchHotSpotLabelsCell.swift */ = {isa = PBXFileReference; fileEncoding = 4; lastKnownFileType = sourcecode.swift; path = SearchHotSpotLabelsCell.swift; sourceTree = "<group>"; };
		2A92C3141F56AC6700F3FCA3 /* SearchNetServer.swift */ = {isa = PBXFileReference; fileEncoding = 4; lastKnownFileType = sourcecode.swift; path = SearchNetServer.swift; sourceTree = "<group>"; };
		2ABC5D241F4A6A5400739A8B /* WTSHotSpotNormalCell.swift */ = {isa = PBXFileReference; fileEncoding = 4; lastKnownFileType = sourcecode.swift; path = WTSHotSpotNormalCell.swift; sourceTree = "<group>"; };
		2ABC5D251F4A6A5400739A8B /* WTSHotSpotNormalCell.xib */ = {isa = PBXFileReference; fileEncoding = 4; lastKnownFileType = file.xib; path = WTSHotSpotNormalCell.xib; sourceTree = "<group>"; };
		2ABC5D281F4A775A00739A8B /* WTSHotSpotThirdImgCell.swift */ = {isa = PBXFileReference; fileEncoding = 4; lastKnownFileType = sourcecode.swift; path = WTSHotSpotThirdImgCell.swift; sourceTree = "<group>"; };
		2ABC5D291F4A775A00739A8B /* WTSHotSpotThirdImgCell.xib */ = {isa = PBXFileReference; fileEncoding = 4; lastKnownFileType = file.xib; path = WTSHotSpotThirdImgCell.xib; sourceTree = "<group>"; };
		2ABC5D2E1F4A86BD00739A8B /* WTSFourButtonCell.swift */ = {isa = PBXFileReference; fileEncoding = 4; lastKnownFileType = sourcecode.swift; path = WTSFourButtonCell.swift; sourceTree = "<group>"; };
		2ABC5D2F1F4A86BD00739A8B /* WTSFourButtonCell.xib */ = {isa = PBXFileReference; fileEncoding = 4; lastKnownFileType = file.xib; path = WTSFourButtonCell.xib; sourceTree = "<group>"; };
		2ABC5D321F4BD5C100739A8B /* WTSHotSpotAdCell.swift */ = {isa = PBXFileReference; fileEncoding = 4; lastKnownFileType = sourcecode.swift; path = WTSHotSpotAdCell.swift; sourceTree = "<group>"; };
		2ABC5D331F4BD5C100739A8B /* WTSHotSpotAdCell.xib */ = {isa = PBXFileReference; fileEncoding = 4; lastKnownFileType = file.xib; path = WTSHotSpotAdCell.xib; sourceTree = "<group>"; };
		2ACFE1171F60D841003E5071 /* SearchStoryCell.swift */ = {isa = PBXFileReference; fileEncoding = 4; lastKnownFileType = sourcecode.swift; path = SearchStoryCell.swift; sourceTree = "<group>"; };
		2ACFE11B1F62661F003E5071 /* SearchCarMoudleCell.swift */ = {isa = PBXFileReference; fileEncoding = 4; lastKnownFileType = sourcecode.swift; path = SearchCarMoudleCell.swift; sourceTree = "<group>"; };
		2ACFE11D1F628DAE003E5071 /* SearchVideoCell.swift */ = {isa = PBXFileReference; fileEncoding = 4; lastKnownFileType = sourcecode.swift; path = SearchVideoCell.swift; sourceTree = "<group>"; };
		2ACFE11F1F66286E003E5071 /* VideoCollectionViewCell.swift */ = {isa = PBXFileReference; fileEncoding = 4; lastKnownFileType = sourcecode.swift; path = VideoCollectionViewCell.swift; sourceTree = "<group>"; };
		2ACFE1211F6628CE003E5071 /* VideoPlayCell.swift */ = {isa = PBXFileReference; fileEncoding = 4; lastKnownFileType = sourcecode.swift; path = VideoPlayCell.swift; sourceTree = "<group>"; };
		2AD23FD51F5CF1D300B79131 /* SearchMoudle.swift */ = {isa = PBXFileReference; fileEncoding = 4; lastKnownFileType = sourcecode.swift; path = SearchMoudle.swift; sourceTree = "<group>"; };
		2AD23FD71F5D2A2B00B79131 /* SearchContentCell.swift */ = {isa = PBXFileReference; fileEncoding = 4; lastKnownFileType = sourcecode.swift; path = SearchContentCell.swift; sourceTree = "<group>"; };
		2AECDA221F53A7D300B8C8B2 /* WTSRootCollectionVC.swift */ = {isa = PBXFileReference; fileEncoding = 4; lastKnownFileType = sourcecode.swift; path = WTSRootCollectionVC.swift; sourceTree = "<group>"; };
		2AECDA251F53BAF500B8C8B2 /* HotSpotCell.swift */ = {isa = PBXFileReference; fileEncoding = 4; lastKnownFileType = sourcecode.swift; path = HotSpotCell.swift; sourceTree = "<group>"; };
		2AECDA271F53BB0D00B8C8B2 /* VideoCell.swift */ = {isa = PBXFileReference; fileEncoding = 4; lastKnownFileType = sourcecode.swift; path = VideoCell.swift; sourceTree = "<group>"; };
		2AECDA291F53BB1A00B8C8B2 /* LiveCell.swift */ = {isa = PBXFileReference; fileEncoding = 4; lastKnownFileType = sourcecode.swift; path = LiveCell.swift; sourceTree = "<group>"; };
		2AECDA2B1F53BB3000B8C8B2 /* BusinessCell.swift */ = {isa = PBXFileReference; fileEncoding = 4; lastKnownFileType = sourcecode.swift; path = BusinessCell.swift; sourceTree = "<group>"; };
		2AECDA2F1F53BB6500B8C8B2 /* EvaluatingCell.swift */ = {isa = PBXFileReference; fileEncoding = 4; lastKnownFileType = sourcecode.swift; path = EvaluatingCell.swift; sourceTree = "<group>"; };
		2AECDA311F53BB7500B8C8B2 /* ShoppingCell.swift */ = {isa = PBXFileReference; fileEncoding = 4; lastKnownFileType = sourcecode.swift; path = ShoppingCell.swift; sourceTree = "<group>"; };
		2AECDA331F53BB8200B8C8B2 /* NewCarCell.swift */ = {isa = PBXFileReference; fileEncoding = 4; lastKnownFileType = sourcecode.swift; path = NewCarCell.swift; sourceTree = "<group>"; };
		2AECDA351F53BB9400B8C8B2 /* UseCarCell.swift */ = {isa = PBXFileReference; fileEncoding = 4; lastKnownFileType = sourcecode.swift; path = UseCarCell.swift; sourceTree = "<group>"; };
		2AECDA371F53BBA600B8C8B2 /* CaltureCell.swift */ = {isa = PBXFileReference; fileEncoding = 4; lastKnownFileType = sourcecode.swift; path = CaltureCell.swift; sourceTree = "<group>"; };
		2AECDA391F53BBB500B8C8B2 /* TravelCell.swift */ = {isa = PBXFileReference; fileEncoding = 4; lastKnownFileType = sourcecode.swift; path = TravelCell.swift; sourceTree = "<group>"; };
		2AECDA3B1F53BBD700B8C8B2 /* TechnologyCell.swift */ = {isa = PBXFileReference; fileEncoding = 4; lastKnownFileType = sourcecode.swift; path = TechnologyCell.swift; sourceTree = "<group>"; };
		2AECDA3D1F53BBE400B8C8B2 /* MarketCell.swift */ = {isa = PBXFileReference; fileEncoding = 4; lastKnownFileType = sourcecode.swift; path = MarketCell.swift; sourceTree = "<group>"; };
		2AECDA441F53EA8D00B8C8B2 /* RootCollectionLayout.swift */ = {isa = PBXFileReference; fileEncoding = 4; lastKnownFileType = sourcecode.swift; path = RootCollectionLayout.swift; sourceTree = "<group>"; };
		2AECDA471F5425C400B8C8B2 /* WTSRootTitleView.swift */ = {isa = PBXFileReference; fileEncoding = 4; lastKnownFileType = sourcecode.swift; path = WTSRootTitleView.swift; sourceTree = "<group>"; };
		83FEC9D84CA26BADCD59AAA6 /* Pods-FactCar.release.xcconfig */ = {isa = PBXFileReference; includeInIndex = 1; lastKnownFileType = text.xcconfig; name = "Pods-FactCar.release.xcconfig"; path = "Pods/Target Support Files/Pods-FactCar/Pods-FactCar.release.xcconfig"; sourceTree = "<group>"; };
		98AAB7E9665C59A97DC5DB16 /* Pods-FactCar.debug.xcconfig */ = {isa = PBXFileReference; includeInIndex = 1; lastKnownFileType = text.xcconfig; name = "Pods-FactCar.debug.xcconfig"; path = "Pods/Target Support Files/Pods-FactCar/Pods-FactCar.debug.xcconfig"; sourceTree = "<group>"; };
		D25332391F341A8200AB12CB /* FactCar.app */ = {isa = PBXFileReference; explicitFileType = wrapper.application; includeInIndex = 0; path = FactCar.app; sourceTree = BUILT_PRODUCTS_DIR; };
		D25332411F341A8200AB12CB /* Base */ = {isa = PBXFileReference; lastKnownFileType = file.storyboard; name = Base; path = Base.lproj/Main.storyboard; sourceTree = "<group>"; };
		D25332431F341A8200AB12CB /* Assets.xcassets */ = {isa = PBXFileReference; lastKnownFileType = folder.assetcatalog; path = Assets.xcassets; sourceTree = "<group>"; };
		D25332461F341A8200AB12CB /* Base */ = {isa = PBXFileReference; lastKnownFileType = file.storyboard; name = Base; path = Base.lproj/LaunchScreen.storyboard; sourceTree = "<group>"; };
		D25332601F341D8F00AB12CB /* AppDelegate.swift */ = {isa = PBXFileReference; fileEncoding = 4; lastKnownFileType = sourcecode.swift; path = AppDelegate.swift; sourceTree = "<group>"; };
		D25332611F341D8F00AB12CB /* Info.plist */ = {isa = PBXFileReference; fileEncoding = 4; lastKnownFileType = text.plist.xml; path = Info.plist; sourceTree = "<group>"; };
		D2F0951E1F3440380049BB39 /* News.storyboard */ = {isa = PBXFileReference; fileEncoding = 4; lastKnownFileType = file.storyboard; path = News.storyboard; sourceTree = "<group>"; };
		D2F095221F344FCA0049BB39 /* NewsNetServer.swift */ = {isa = PBXFileReference; fileEncoding = 4; lastKnownFileType = sourcecode.swift; path = NewsNetServer.swift; sourceTree = "<group>"; };
		D2F095261F344FF90049BB39 /* My.storyboard */ = {isa = PBXFileReference; fileEncoding = 4; lastKnownFileType = file.storyboard; path = My.storyboard; sourceTree = "<group>"; };
		D2F095281F3450070049BB39 /* MyModel.swift */ = {isa = PBXFileReference; fileEncoding = 4; lastKnownFileType = sourcecode.swift; path = MyModel.swift; sourceTree = "<group>"; };
		D2F0952A1F34501C0049BB39 /* MyNetServer.swift */ = {isa = PBXFileReference; fileEncoding = 4; lastKnownFileType = sourcecode.swift; path = MyNetServer.swift; sourceTree = "<group>"; };
		D2F0952C1F34502A0049BB39 /* MyView.xib */ = {isa = PBXFileReference; fileEncoding = 4; lastKnownFileType = file.xib; path = MyView.xib; sourceTree = "<group>"; };
		D2F0952E1F34504F0049BB39 /* Activity.storyboard */ = {isa = PBXFileReference; fileEncoding = 4; lastKnownFileType = file.storyboard; path = Activity.storyboard; sourceTree = "<group>"; };
		D2F095301F34506C0049BB39 /* ActivityModel.swift */ = {isa = PBXFileReference; fileEncoding = 4; lastKnownFileType = sourcecode.swift; path = ActivityModel.swift; sourceTree = "<group>"; };
		D2F095321F3450A20049BB39 /* ActivityNetServer.swift */ = {isa = PBXFileReference; fileEncoding = 4; lastKnownFileType = sourcecode.swift; path = ActivityNetServer.swift; sourceTree = "<group>"; };
		D2F095341F3450F70049BB39 /* Activity.xib */ = {isa = PBXFileReference; fileEncoding = 4; lastKnownFileType = file.xib; path = Activity.xib; sourceTree = "<group>"; };
		D2F095361F3451350049BB39 /* Choiceness.storyboard */ = {isa = PBXFileReference; fileEncoding = 4; lastKnownFileType = file.storyboard; path = Choiceness.storyboard; sourceTree = "<group>"; };
		D2F095381F34514B0049BB39 /* ChoicenessModel.swift */ = {isa = PBXFileReference; fileEncoding = 4; lastKnownFileType = sourcecode.swift; path = ChoicenessModel.swift; sourceTree = "<group>"; };
		D2F0953A1F3451680049BB39 /* ChoicenessNetServer.swift */ = {isa = PBXFileReference; fileEncoding = 4; lastKnownFileType = sourcecode.swift; path = ChoicenessNetServer.swift; sourceTree = "<group>"; };
		D2F0953C1F3451940049BB39 /* Choiceness.xib */ = {isa = PBXFileReference; fileEncoding = 4; lastKnownFileType = file.xib; path = Choiceness.xib; sourceTree = "<group>"; };
		D2F0953E1F3451B30049BB39 /* ChooseCar.storyboard */ = {isa = PBXFileReference; fileEncoding = 4; lastKnownFileType = file.storyboard; path = ChooseCar.storyboard; sourceTree = "<group>"; };
		D2F095401F3452520049BB39 /* ChooseCarModel.swift */ = {isa = PBXFileReference; fileEncoding = 4; lastKnownFileType = sourcecode.swift; path = ChooseCarModel.swift; sourceTree = "<group>"; };
		D2F095421F34526A0049BB39 /* ChooseCarNetServer.swift */ = {isa = PBXFileReference; fileEncoding = 4; lastKnownFileType = sourcecode.swift; path = ChooseCarNetServer.swift; sourceTree = "<group>"; };
		D2F095441F3452750049BB39 /* ChooseCar.xib */ = {isa = PBXFileReference; fileEncoding = 4; lastKnownFileType = file.xib; path = ChooseCar.xib; sourceTree = "<group>"; };
		D2F095461F3452920049BB39 /* FactCarCategory.swift */ = {isa = PBXFileReference; fileEncoding = 4; lastKnownFileType = sourcecode.swift; path = FactCarCategory.swift; sourceTree = "<group>"; };
		D2F095481F3452A80049BB39 /* FactCarDefine.swift */ = {isa = PBXFileReference; fileEncoding = 4; lastKnownFileType = sourcecode.swift; path = FactCarDefine.swift; sourceTree = "<group>"; };
		D2F0954A1F3452C80049BB39 /* FactCarPublicView.swift */ = {isa = PBXFileReference; fileEncoding = 4; lastKnownFileType = sourcecode.swift; path = FactCarPublicView.swift; sourceTree = "<group>"; };
		DA756925C813D31B5CDD66E8 /* Pods_FactCar.framework */ = {isa = PBXFileReference; explicitFileType = wrapper.framework; includeInIndex = 0; path = Pods_FactCar.framework; sourceTree = BUILT_PRODUCTS_DIR; };
/* End PBXFileReference section */

/* Begin PBXFrameworksBuildPhase section */
		D25332361F341A8200AB12CB /* Frameworks */ = {
			isa = PBXFrameworksBuildPhase;
			buildActionMask = 2147483647;
			files = (
				B2B4278C20FB590E6A5F9173 /* Pods_FactCar.framework in Frameworks */,
			);
			runOnlyForDeploymentPostprocessing = 0;
		};
/* End PBXFrameworksBuildPhase section */

/* Begin PBXGroup section */
		19781D644CE89DF41B7E65A9 /* Frameworks */ = {
			isa = PBXGroup;
			children = (
				2A4A8AB01F4C2712003C2FA5 /* Alamofire.framework */,
				2A4A8AB11F4C2712003C2FA5 /* MJRefresh.framework */,
				2A4A8AB21F4C2712003C2FA5 /* Moya.framework */,
				2A4A8AB31F4C2712003C2FA5 /* ObjectMapper.framework */,
				2A4A8AB41F4C2712003C2FA5 /* Result.framework */,
				2A4A8AB51F4C2712003C2FA5 /* SDWebImage.framework */,
				DA756925C813D31B5CDD66E8 /* Pods_FactCar.framework */,
			);
			name = Frameworks;
			sourceTree = "<group>";
		};
		2A8C91671F4FEAF400A6FDE2 /* LottieAnimationJson */ = {
			isa = PBXGroup;
			children = (
				2A8C91681F4FEDA900A6FDE2 /* vcTransition1.json */,
				2A8C91691F4FEDA900A6FDE2 /* vcTransition2.json */,
			);
			path = LottieAnimationJson;
			sourceTree = "<group>";
		};
		2ABC5D2C1F4A7FC800739A8B /* VCell */ = {
			isa = PBXGroup;
			children = (
				2AECDA3F1F53BBEE00B8C8B2 /* CollectionCell */,
				2AECDA241F53BAC000B8C8B2 /* TableViewCell */,
			);
			name = VCell;
			sourceTree = "<group>";
		};
		2ABC5D2D1F4A7FFB00739A8B /* VTable */ = {
			isa = PBXGroup;
			children = (
				2A8CFBBC1F3AA7FD00F20D4A /* WTSHotSpotTableView.swift */,
				2A8CFBBE1F3AA90C00F20D4A /* WTSVideoTableView.swift */,
				2A8CFBC01F3AA93400F20D4A /* WTSLiveTableView.swift */,
				2A8CFBD21F3AAABC00F20D4A /* WTSBusinessTableView.swift */,
				2A8CFBC21F3AA95B00F20D4A /* WTSEvaluatingTableView.swift */,
				2A8CFBC41F3AA97100F20D4A /* WTSShoppingTableView.swift */,
				2A8CFBC61F3AA98200F20D4A /* WTSNewCarTableView.swift */,
				2A8CFBC81F3AA99800F20D4A /* WTSUseCarTableView.swift */,
				2A8CFBCA1F3AA9B400F20D4A /* WTSCaltureTableView.swift */,
				2A8CFBCC1F3AA9C900F20D4A /* WTSTravelTableView.swift */,
				2A8CFBCE1F3AA9E500F20D4A /* WTSTechnologyTableView.swift */,
				2A8CFBD01F3AA9F900F20D4A /* WTSMarketTableView.swift */,
			);
			name = VTable;
			sourceTree = "<group>";
		};
		2AECDA241F53BAC000B8C8B2 /* TableViewCell */ = {
			isa = PBXGroup;
			children = (
				2ABC5D241F4A6A5400739A8B /* WTSHotSpotNormalCell.swift */,
				2ABC5D251F4A6A5400739A8B /* WTSHotSpotNormalCell.xib */,
				2ABC5D281F4A775A00739A8B /* WTSHotSpotThirdImgCell.swift */,
				2ABC5D291F4A775A00739A8B /* WTSHotSpotThirdImgCell.xib */,
				2ABC5D2E1F4A86BD00739A8B /* WTSFourButtonCell.swift */,
				2ABC5D2F1F4A86BD00739A8B /* WTSFourButtonCell.xib */,
				2ABC5D321F4BD5C100739A8B /* WTSHotSpotAdCell.swift */,
				2ABC5D331F4BD5C100739A8B /* WTSHotSpotAdCell.xib */,
				2A8C91701F50140100A6FDE2 /* WTSSearchHeaderViewTableViewCell.swift */,
				2A8C91711F50140100A6FDE2 /* WTSSearchHeaderViewTableViewCell.xib */,
				2AD23FD71F5D2A2B00B79131 /* SearchContentCell.swift */,
				2ACFE1171F60D841003E5071 /* SearchStoryCell.swift */,
				2ACFE11B1F62661F003E5071 /* SearchCarMoudleCell.swift */,
				2ACFE11D1F628DAE003E5071 /* SearchVideoCell.swift */,
				2ACFE1211F6628CE003E5071 /* VideoPlayCell.swift */,
			);
			name = TableViewCell;
			sourceTree = "<group>";
		};
		2AECDA3F1F53BBEE00B8C8B2 /* CollectionCell */ = {
			isa = PBXGroup;
			children = (
				2AECDA251F53BAF500B8C8B2 /* HotSpotCell.swift */,
				2AECDA271F53BB0D00B8C8B2 /* VideoCell.swift */,
				2AECDA291F53BB1A00B8C8B2 /* LiveCell.swift */,
				2AECDA2B1F53BB3000B8C8B2 /* BusinessCell.swift */,
				2AECDA2F1F53BB6500B8C8B2 /* EvaluatingCell.swift */,
				2AECDA311F53BB7500B8C8B2 /* ShoppingCell.swift */,
				2AECDA331F53BB8200B8C8B2 /* NewCarCell.swift */,
				2AECDA351F53BB9400B8C8B2 /* UseCarCell.swift */,
				2AECDA371F53BBA600B8C8B2 /* CaltureCell.swift */,
				2AECDA391F53BBB500B8C8B2 /* TravelCell.swift */,
				2AECDA3B1F53BBD700B8C8B2 /* TechnologyCell.swift */,
				2AECDA3D1F53BBE400B8C8B2 /* MarketCell.swift */,
				2A92C3101F568E3A00F3FCA3 /* SearchHotSpotLabelsCell.swift */,
				2ACFE11F1F66286E003E5071 /* VideoCollectionViewCell.swift */,
			);
			name = CollectionCell;
			sourceTree = "<group>";
		};
		2AECDA461F541CE200B8C8B2 /* CollectionLayout */ = {
			isa = PBXGroup;
			children = (
				2AECDA441F53EA8D00B8C8B2 /* RootCollectionLayout.swift */,
				2A3728EE1F5FE09200F95B77 /* SearchContentLayout.swift */,
			);
			name = CollectionLayout;
			path = ..;
			sourceTree = "<group>";
		};
		2AECDA491F5425D300B8C8B2 /* RootTitleView */ = {
			isa = PBXGroup;
			children = (
				2AECDA471F5425C400B8C8B2 /* WTSRootTitleView.swift */,
			);
			name = RootTitleView;
			sourceTree = "<group>";
		};
		9D920CD6D7FB10B605EBAD53 /* Pods */ = {
			isa = PBXGroup;
			children = (
				98AAB7E9665C59A97DC5DB16 /* Pods-FactCar.debug.xcconfig */,
				83FEC9D84CA26BADCD59AAA6 /* Pods-FactCar.release.xcconfig */,
			);
			name = Pods;
			sourceTree = "<group>";
		};
		D25332301F341A8200AB12CB = {
			isa = PBXGroup;
			children = (
				D253323B1F341A8200AB12CB /* FactCar */,
				D253323A1F341A8200AB12CB /* Products */,
				9D920CD6D7FB10B605EBAD53 /* Pods */,
				19781D644CE89DF41B7E65A9 /* Frameworks */,
			);
			sourceTree = "<group>";
		};
		D253323A1F341A8200AB12CB /* Products */ = {
			isa = PBXGroup;
			children = (
				D25332391F341A8200AB12CB /* FactCar.app */,
			);
			name = Products;
			sourceTree = "<group>";
		};
		D253323B1F341A8200AB12CB /* FactCar */ = {
			isa = PBXGroup;
			children = (
				2A8C91671F4FEAF400A6FDE2 /* LottieAnimationJson */,
				D2F095051F343B0D0049BB39 /* First */,
				D2F0950A1F343B0D0049BB39 /* Five */,
				D2F0950F1F343B0D0049BB39 /* Four */,
				D2F095141F343B0D0049BB39 /* Second */,
				D2F095191F343B0D0049BB39 /* Third */,
				D25332541F341D8F00AB12CB /* Category */,
				D25332551F341D8F00AB12CB /* Define */,
				D253325D1F341D8F00AB12CB /* Public */,
				D253325F1F341D8F00AB12CB /* System */,
				D25332651F341DD400AB12CB /* Main */,
				D25332431F341A8200AB12CB /* Assets.xcassets */,
				D25332451F341A8200AB12CB /* LaunchScreen.storyboard */,
			);
			path = FactCar;
			sourceTree = "<group>";
		};
		D25332541F341D8F00AB12CB /* Category */ = {
			isa = PBXGroup;
			children = (
				D2F095461F3452920049BB39 /* FactCarCategory.swift */,
			);
			path = Category;
			sourceTree = "<group>";
		};
		D25332551F341D8F00AB12CB /* Define */ = {
			isa = PBXGroup;
			children = (
				D2F095481F3452A80049BB39 /* FactCarDefine.swift */,
			);
			path = Define;
			sourceTree = "<group>";
		};
		D253325D1F341D8F00AB12CB /* Public */ = {
			isa = PBXGroup;
			children = (
				D2F0954A1F3452C80049BB39 /* FactCarPublicView.swift */,
				2A4303521F345DDF00C0CFDA /* FactCarNavigation.swift */,
				2A8CFBDC1F3B263B00F20D4A /* WTSFactCarRefreshGifHeader.swift */,
				2A4A8ABC1F4C30BB003C2FA5 /* WTSFactCarGifView.swift */,
			);
			path = Public;
			sourceTree = "<group>";
		};
		D253325F1F341D8F00AB12CB /* System */ = {
			isa = PBXGroup;
			children = (
				D25332601F341D8F00AB12CB /* AppDelegate.swift */,
				D25332611F341D8F00AB12CB /* Info.plist */,
				2A8CFBD81F3B1E1D00F20D4A /* FactCar-Bridging-Header.h */,
			);
			path = System;
			sourceTree = "<group>";
		};
		D25332651F341DD400AB12CB /* Main */ = {
			isa = PBXGroup;
			children = (
				D25332401F341A8200AB12CB /* Main.storyboard */,
				2A4303501F34553000C0CFDA /* Mian.swift */,
			);
			name = Main;
			sourceTree = "<group>";
		};
		D2F095051F343B0D0049BB39 /* First */ = {
			isa = PBXGroup;
			children = (
				D2F095061F343B0D0049BB39 /* C */,
				D2F095071F343B0D0049BB39 /* M */,
				D2F095081F343B0D0049BB39 /* NetWorkServer */,
				D2F095091F343B0D0049BB39 /* V */,
			);
			path = First;
			sourceTree = "<group>";
		};
		D2F095061F343B0D0049BB39 /* C */ = {
			isa = PBXGroup;
			children = (
				D2F0951E1F3440380049BB39 /* News.storyboard */,
				2A5BF9931F37F2D600D8A50E /* WTSNewsViewController.swift */,
				2A8C916C1F50096800A6FDE2 /* WTSSearchViewController.swift */,
				2AECDA221F53A7D300B8C8B2 /* WTSRootCollectionVC.swift */,
				2A3728E61F5E395900F95B77 /* SearchContentVC.swift */,
			);
			path = C;
			sourceTree = "<group>";
		};
		D2F095071F343B0D0049BB39 /* M */ = {
			isa = PBXGroup;
			children = (
				2A62597E1F467484006DB2CA /* WTSNewsMoudleS.swift */,
				2AD23FD51F5CF1D300B79131 /* SearchMoudle.swift */,
			);
			path = M;
			sourceTree = "<group>";
		};
		D2F095081F343B0D0049BB39 /* NetWorkServer */ = {
			isa = PBXGroup;
			children = (
				D2F095221F344FCA0049BB39 /* NewsNetServer.swift */,
				2A92C3141F56AC6700F3FCA3 /* SearchNetServer.swift */,
			);
			path = NetWorkServer;
			sourceTree = "<group>";
		};
		D2F095091F343B0D0049BB39 /* V */ = {
			isa = PBXGroup;
			children = (
				2AECDA491F5425D300B8C8B2 /* RootTitleView */,
				2AECDA461F541CE200B8C8B2 /* CollectionLayout */,
				2ABC5D2D1F4A7FFB00739A8B /* VTable */,
				2ABC5D2C1F4A7FC800739A8B /* VCell */,
				2A8CFBD41F3AAF1E00F20D4A /* WTSRootTableView.swift */,
				2A8CFBD61F3AAF8400F20D4A /* WTSRootTableView.xib */,
				2A92C30E1F568BF300F3FCA3 /* SearchHotSpotLabelsCollectionView.swift */,
			);
			path = V;
			sourceTree = "<group>";
		};
		D2F0950A1F343B0D0049BB39 /* Five */ = {
			isa = PBXGroup;
			children = (
				D2F0950B1F343B0D0049BB39 /* C */,
				D2F0950C1F343B0D0049BB39 /* M */,
				D2F0950D1F343B0D0049BB39 /* NetWorkServer */,
				D2F0950E1F343B0D0049BB39 /* V */,
			);
			path = Five;
			sourceTree = "<group>";
		};
		D2F0950B1F343B0D0049BB39 /* C */ = {
			isa = PBXGroup;
			children = (
				D2F095261F344FF90049BB39 /* My.storyboard */,
			);
			path = C;
			sourceTree = "<group>";
		};
		D2F0950C1F343B0D0049BB39 /* M */ = {
			isa = PBXGroup;
			children = (
				D2F095281F3450070049BB39 /* MyModel.swift */,
			);
			path = M;
			sourceTree = "<group>";
		};
		D2F0950D1F343B0D0049BB39 /* NetWorkServer */ = {
			isa = PBXGroup;
			children = (
				D2F0952A1F34501C0049BB39 /* MyNetServer.swift */,
			);
			path = NetWorkServer;
			sourceTree = "<group>";
		};
		D2F0950E1F343B0D0049BB39 /* V */ = {
			isa = PBXGroup;
			children = (
				D2F0952C1F34502A0049BB39 /* MyView.xib */,
			);
			path = V;
			sourceTree = "<group>";
		};
		D2F0950F1F343B0D0049BB39 /* Four */ = {
			isa = PBXGroup;
			children = (
				D2F095101F343B0D0049BB39 /* C */,
				D2F095111F343B0D0049BB39 /* M */,
				D2F095121F343B0D0049BB39 /* NetWorkServer */,
				D2F095131F343B0D0049BB39 /* V */,
			);
			path = Four;
			sourceTree = "<group>";
		};
		D2F095101F343B0D0049BB39 /* C */ = {
			isa = PBXGroup;
			children = (
				D2F0952E1F34504F0049BB39 /* Activity.storyboard */,
			);
			path = C;
			sourceTree = "<group>";
		};
		D2F095111F343B0D0049BB39 /* M */ = {
			isa = PBXGroup;
			children = (
				D2F095301F34506C0049BB39 /* ActivityModel.swift */,
			);
			path = M;
			sourceTree = "<group>";
		};
		D2F095121F343B0D0049BB39 /* NetWorkServer */ = {
			isa = PBXGroup;
			children = (
				D2F095321F3450A20049BB39 /* ActivityNetServer.swift */,
			);
			path = NetWorkServer;
			sourceTree = "<group>";
		};
		D2F095131F343B0D0049BB39 /* V */ = {
			isa = PBXGroup;
			children = (
				D2F095341F3450F70049BB39 /* Activity.xib */,
			);
			path = V;
			sourceTree = "<group>";
		};
		D2F095141F343B0D0049BB39 /* Second */ = {
			isa = PBXGroup;
			children = (
				D2F095151F343B0D0049BB39 /* C */,
				D2F095161F343B0D0049BB39 /* M */,
				D2F095171F343B0D0049BB39 /* NetWorkServer */,
				D2F095181F343B0D0049BB39 /* V */,
			);
			path = Second;
			sourceTree = "<group>";
		};
		D2F095151F343B0D0049BB39 /* C */ = {
			isa = PBXGroup;
			children = (
				D2F095361F3451350049BB39 /* Choiceness.storyboard */,
			);
			path = C;
			sourceTree = "<group>";
		};
		D2F095161F343B0D0049BB39 /* M */ = {
			isa = PBXGroup;
			children = (
				D2F095381F34514B0049BB39 /* ChoicenessModel.swift */,
			);
			path = M;
			sourceTree = "<group>";
		};
		D2F095171F343B0D0049BB39 /* NetWorkServer */ = {
			isa = PBXGroup;
			children = (
				D2F0953A1F3451680049BB39 /* ChoicenessNetServer.swift */,
			);
			path = NetWorkServer;
			sourceTree = "<group>";
		};
		D2F095181F343B0D0049BB39 /* V */ = {
			isa = PBXGroup;
			children = (
				D2F0953C1F3451940049BB39 /* Choiceness.xib */,
			);
			path = V;
			sourceTree = "<group>";
		};
		D2F095191F343B0D0049BB39 /* Third */ = {
			isa = PBXGroup;
			children = (
				D2F0951A1F343B0D0049BB39 /* C */,
				D2F0951B1F343B0D0049BB39 /* M */,
				D2F0951C1F343B0D0049BB39 /* NetWorkServer */,
				D2F0951D1F343B0D0049BB39 /* V */,
			);
			path = Third;
			sourceTree = "<group>";
		};
		D2F0951A1F343B0D0049BB39 /* C */ = {
			isa = PBXGroup;
			children = (
				D2F0953E1F3451B30049BB39 /* ChooseCar.storyboard */,
			);
			path = C;
			sourceTree = "<group>";
		};
		D2F0951B1F343B0D0049BB39 /* M */ = {
			isa = PBXGroup;
			children = (
				D2F095401F3452520049BB39 /* ChooseCarModel.swift */,
			);
			path = M;
			sourceTree = "<group>";
		};
		D2F0951C1F343B0D0049BB39 /* NetWorkServer */ = {
			isa = PBXGroup;
			children = (
				D2F095421F34526A0049BB39 /* ChooseCarNetServer.swift */,
			);
			path = NetWorkServer;
			sourceTree = "<group>";
		};
		D2F0951D1F343B0D0049BB39 /* V */ = {
			isa = PBXGroup;
			children = (
				D2F095441F3452750049BB39 /* ChooseCar.xib */,
			);
			path = V;
			sourceTree = "<group>";
		};
/* End PBXGroup section */

/* Begin PBXNativeTarget section */
		D25332381F341A8200AB12CB /* FactCar */ = {
			isa = PBXNativeTarget;
			buildConfigurationList = D253324B1F341A8200AB12CB /* Build configuration list for PBXNativeTarget "FactCar" */;
			buildPhases = (
				BBF53874A968EA3AD97E4212 /* [CP] Check Pods Manifest.lock */,
				D25332351F341A8200AB12CB /* Sources */,
				D25332361F341A8200AB12CB /* Frameworks */,
				D25332371F341A8200AB12CB /* Resources */,
				D29F53BC3F245264C774C8ED /* [CP] Embed Pods Frameworks */,
				FF4D1E134F44EBDFE2A7C24E /* [CP] Copy Pods Resources */,
			);
			buildRules = (
			);
			dependencies = (
			);
			name = FactCar;
			productName = FactCar;
			productReference = D25332391F341A8200AB12CB /* FactCar.app */;
			productType = "com.apple.product-type.application";
		};
/* End PBXNativeTarget section */

/* Begin PBXProject section */
		D25332311F341A8200AB12CB /* Project object */ = {
			isa = PBXProject;
			attributes = {
				CLASSPREFIX = "";
				LastSwiftUpdateCheck = 0830;
				LastUpgradeCheck = 0830;
				ORGANIZATIONNAME = "邢浩";
				TargetAttributes = {
					D25332381F341A8200AB12CB = {
						CreatedOnToolsVersion = 8.3.3;
						DevelopmentTeam = 4XQRJRP48E;
						LastSwiftMigration = 0830;
						ProvisioningStyle = Automatic;
					};
				};
			};
			buildConfigurationList = D25332341F341A8200AB12CB /* Build configuration list for PBXProject "FactCar" */;
			compatibilityVersion = "Xcode 3.2";
			developmentRegion = English;
			hasScannedForEncodings = 0;
			knownRegions = (
				en,
				Base,
			);
			mainGroup = D25332301F341A8200AB12CB;
			productRefGroup = D253323A1F341A8200AB12CB /* Products */;
			projectDirPath = "";
			projectRoot = "";
			targets = (
				D25332381F341A8200AB12CB /* FactCar */,
			);
		};
/* End PBXProject section */

/* Begin PBXResourcesBuildPhase section */
		D25332371F341A8200AB12CB /* Resources */ = {
			isa = PBXResourcesBuildPhase;
			buildActionMask = 2147483647;
			files = (
				D25332641F341D8F00AB12CB /* Info.plist in Resources */,
				D2F0952F1F34504F0049BB39 /* Activity.storyboard in Resources */,
				2ABC5D2B1F4A775A00739A8B /* WTSHotSpotThirdImgCell.xib in Resources */,
				2A8C916A1F4FEDA900A6FDE2 /* vcTransition1.json in Resources */,
				D25332471F341A8200AB12CB /* LaunchScreen.storyboard in Resources */,
				D2F095351F3450F70049BB39 /* Activity.xib in Resources */,
				D2F095451F3452750049BB39 /* ChooseCar.xib in Resources */,
				2A8C91731F50140100A6FDE2 /* WTSSearchHeaderViewTableViewCell.xib in Resources */,
				D2F095371F3451350049BB39 /* Choiceness.storyboard in Resources */,
				2ABC5D271F4A6A5400739A8B /* WTSHotSpotNormalCell.xib in Resources */,
				D2F0951F1F3440380049BB39 /* News.storyboard in Resources */,
				D2F0953D1F3451940049BB39 /* Choiceness.xib in Resources */,
				D2F0953F1F3451B30049BB39 /* ChooseCar.storyboard in Resources */,
				2ABC5D311F4A86BD00739A8B /* WTSFourButtonCell.xib in Resources */,
				D2F0952D1F34502A0049BB39 /* MyView.xib in Resources */,
				2A8C916B1F4FEDA900A6FDE2 /* vcTransition2.json in Resources */,
				D25332441F341A8200AB12CB /* Assets.xcassets in Resources */,
				2A8CFBD71F3AAF8400F20D4A /* WTSRootTableView.xib in Resources */,
				D25332421F341A8200AB12CB /* Main.storyboard in Resources */,
				2ABC5D351F4BD5C100739A8B /* WTSHotSpotAdCell.xib in Resources */,
				D2F095271F344FF90049BB39 /* My.storyboard in Resources */,
			);
			runOnlyForDeploymentPostprocessing = 0;
		};
/* End PBXResourcesBuildPhase section */

/* Begin PBXShellScriptBuildPhase section */
		BBF53874A968EA3AD97E4212 /* [CP] Check Pods Manifest.lock */ = {
			isa = PBXShellScriptBuildPhase;
			buildActionMask = 2147483647;
			files = (
			);
			inputPaths = (
			);
			name = "[CP] Check Pods Manifest.lock";
			outputPaths = (
			);
			runOnlyForDeploymentPostprocessing = 0;
			shellPath = /bin/sh;
			shellScript = "diff \"${PODS_PODFILE_DIR_PATH}/Podfile.lock\" \"${PODS_ROOT}/Manifest.lock\" > /dev/null\nif [ $? != 0 ] ; then\n    # print error to STDERR\n    echo \"error: The sandbox is not in sync with the Podfile.lock. Run 'pod install' or update your CocoaPods installation.\" >&2\n    exit 1\nfi\n";
			showEnvVarsInLog = 0;
		};
		D29F53BC3F245264C774C8ED /* [CP] Embed Pods Frameworks */ = {
			isa = PBXShellScriptBuildPhase;
			buildActionMask = 2147483647;
			files = (
			);
			inputPaths = (
			);
			name = "[CP] Embed Pods Frameworks";
			outputPaths = (
			);
			runOnlyForDeploymentPostprocessing = 0;
			shellPath = /bin/sh;
			shellScript = "\"${SRCROOT}/Pods/Target Support Files/Pods-FactCar/Pods-FactCar-frameworks.sh\"\n";
			showEnvVarsInLog = 0;
		};
		FF4D1E134F44EBDFE2A7C24E /* [CP] Copy Pods Resources */ = {
			isa = PBXShellScriptBuildPhase;
			buildActionMask = 2147483647;
			files = (
			);
			inputPaths = (
			);
			name = "[CP] Copy Pods Resources";
			outputPaths = (
			);
			runOnlyForDeploymentPostprocessing = 0;
			shellPath = /bin/sh;
			shellScript = "\"${SRCROOT}/Pods/Target Support Files/Pods-FactCar/Pods-FactCar-resources.sh\"\n";
			showEnvVarsInLog = 0;
		};
/* End PBXShellScriptBuildPhase section */

/* Begin PBXSourcesBuildPhase section */
		D25332351F341A8200AB12CB /* Sources */ = {
			isa = PBXSourcesBuildPhase;
			buildActionMask = 2147483647;
			files = (
				2ABC5D261F4A6A5400739A8B /* WTSHotSpotNormalCell.swift in Sources */,
				2AECDA381F53BBA600B8C8B2 /* CaltureCell.swift in Sources */,
				2A5BF9941F37F2D600D8A50E /* WTSNewsViewController.swift in Sources */,
				2ABC5D2A1F4A775A00739A8B /* WTSHotSpotThirdImgCell.swift in Sources */,
				2A8CFBCD1F3AA9C900F20D4A /* WTSTravelTableView.swift in Sources */,
				2AECDA3E1F53BBE400B8C8B2 /* MarketCell.swift in Sources */,
				2AECDA361F53BB9400B8C8B2 /* UseCarCell.swift in Sources */,
				2A8CFBCB1F3AA9B400F20D4A /* WTSCaltureTableView.swift in Sources */,
				D2F095231F344FCA0049BB39 /* NewsNetServer.swift in Sources */,
				D2F095291F3450070049BB39 /* MyModel.swift in Sources */,
				2AECDA261F53BAF500B8C8B2 /* HotSpotCell.swift in Sources */,
				D25332631F341D8F00AB12CB /* AppDelegate.swift in Sources */,
				2A8CFBD51F3AAF1E00F20D4A /* WTSRootTableView.swift in Sources */,
				2A4303511F34553000C0CFDA /* Mian.swift in Sources */,
				2A8C916D1F50096800A6FDE2 /* WTSSearchViewController.swift in Sources */,
				D2F095431F34526A0049BB39 /* ChooseCarNetServer.swift in Sources */,
				2ACFE1181F60D841003E5071 /* SearchStoryCell.swift in Sources */,
				2ACFE1221F6628CE003E5071 /* VideoPlayCell.swift in Sources */,
				2A8C91721F50140100A6FDE2 /* WTSSearchHeaderViewTableViewCell.swift in Sources */,
				2A92C3121F568E3A00F3FCA3 /* SearchHotSpotLabelsCell.swift in Sources */,
				2A4A8ABD1F4C30BB003C2FA5 /* WTSFactCarGifView.swift in Sources */,
				2AECDA341F53BB8200B8C8B2 /* NewCarCell.swift in Sources */,
				2A8CFBC11F3AA93400F20D4A /* WTSLiveTableView.swift in Sources */,
				2ACFE1201F66286E003E5071 /* VideoCollectionViewCell.swift in Sources */,
				2A92C3151F56AC6700F3FCA3 /* SearchNetServer.swift in Sources */,
				2A4303531F345DDF00C0CFDA /* FactCarNavigation.swift in Sources */,
				2ACFE11C1F62661F003E5071 /* SearchCarMoudleCell.swift in Sources */,
				2AD23FD61F5CF1D300B79131 /* SearchMoudle.swift in Sources */,
				2ABC5D341F4BD5C100739A8B /* WTSHotSpotAdCell.swift in Sources */,
				2AECDA321F53BB7500B8C8B2 /* ShoppingCell.swift in Sources */,
				2A92C30F1F568BF300F3FCA3 /* SearchHotSpotLabelsCollectionView.swift in Sources */,
				D2F095471F3452920049BB39 /* FactCarCategory.swift in Sources */,
				2AECDA481F5425C400B8C8B2 /* WTSRootTitleView.swift in Sources */,
				2A8CFBBF1F3AA90C00F20D4A /* WTSVideoTableView.swift in Sources */,
				D2F0952B1F34501C0049BB39 /* MyNetServer.swift in Sources */,
				2AECDA2A1F53BB1A00B8C8B2 /* LiveCell.swift in Sources */,
				2A8CFBBD1F3AA7FD00F20D4A /* WTSHotSpotTableView.swift in Sources */,
				2A8CFBC71F3AA98200F20D4A /* WTSNewCarTableView.swift in Sources */,
				2AECDA2C1F53BB3000B8C8B2 /* BusinessCell.swift in Sources */,
				2AD23FD81F5D2A2B00B79131 /* SearchContentCell.swift in Sources */,
				D2F095331F3450A20049BB39 /* ActivityNetServer.swift in Sources */,
				2A8CFBD31F3AAABC00F20D4A /* WTSBusinessTableView.swift in Sources */,
				2AECDA3C1F53BBD700B8C8B2 /* TechnologyCell.swift in Sources */,
				2AECDA301F53BB6500B8C8B2 /* EvaluatingCell.swift in Sources */,
				D2F0953B1F3451680049BB39 /* ChoicenessNetServer.swift in Sources */,
				2A3728E71F5E395900F95B77 /* SearchContentVC.swift in Sources */,
				2A8CFBCF1F3AA9E500F20D4A /* WTSTechnologyTableView.swift in Sources */,
				2AECDA231F53A7D300B8C8B2 /* WTSRootCollectionVC.swift in Sources */,
				2A62597F1F467484006DB2CA /* WTSNewsMoudleS.swift in Sources */,
				2AECDA281F53BB0D00B8C8B2 /* VideoCell.swift in Sources */,
				2ACFE11E1F628DAE003E5071 /* SearchVideoCell.swift in Sources */,
				D2F095411F3452520049BB39 /* ChooseCarModel.swift in Sources */,
				2A3728EF1F5FE09200F95B77 /* SearchContentLayout.swift in Sources */,
				2A8CFBDD1F3B263B00F20D4A /* WTSFactCarRefreshGifHeader.swift in Sources */,
				2A8CFBC31F3AA95B00F20D4A /* WTSEvaluatingTableView.swift in Sources */,
				2AECDA451F53EA8D00B8C8B2 /* RootCollectionLayout.swift in Sources */,
				2AECDA3A1F53BBB500B8C8B2 /* TravelCell.swift in Sources */,
				2A8CFBD11F3AA9F900F20D4A /* WTSMarketTableView.swift in Sources */,
				2ABC5D301F4A86BD00739A8B /* WTSFourButtonCell.swift in Sources */,
				D2F0954B1F3452C80049BB39 /* FactCarPublicView.swift in Sources */,
				D2F095311F34506C0049BB39 /* ActivityModel.swift in Sources */,
				D2F095491F3452A80049BB39 /* FactCarDefine.swift in Sources */,
				2A8CFBC51F3AA97100F20D4A /* WTSShoppingTableView.swift in Sources */,
				D2F095391F34514B0049BB39 /* ChoicenessModel.swift in Sources */,
				2A8CFBC91F3AA99800F20D4A /* WTSUseCarTableView.swift in Sources */,
			);
			runOnlyForDeploymentPostprocessing = 0;
		};
/* End PBXSourcesBuildPhase section */

/* Begin PBXVariantGroup section */
		D25332401F341A8200AB12CB /* Main.storyboard */ = {
			isa = PBXVariantGroup;
			children = (
				D25332411F341A8200AB12CB /* Base */,
			);
			name = Main.storyboard;
			sourceTree = "<group>";
		};
		D25332451F341A8200AB12CB /* LaunchScreen.storyboard */ = {
			isa = PBXVariantGroup;
			children = (
				D25332461F341A8200AB12CB /* Base */,
			);
			name = LaunchScreen.storyboard;
			sourceTree = "<group>";
		};
/* End PBXVariantGroup section */

/* Begin XCBuildConfiguration section */
		D25332491F341A8200AB12CB /* Debug */ = {
			isa = XCBuildConfiguration;
			buildSettings = {
				ALWAYS_SEARCH_USER_PATHS = NO;
				CLANG_ANALYZER_NONNULL = YES;
				CLANG_ANALYZER_NUMBER_OBJECT_CONVERSION = YES_AGGRESSIVE;
				CLANG_CXX_LANGUAGE_STANDARD = "gnu++0x";
				CLANG_CXX_LIBRARY = "libc++";
				CLANG_ENABLE_MODULES = YES;
				CLANG_ENABLE_OBJC_ARC = YES;
				CLANG_WARN_BOOL_CONVERSION = YES;
				CLANG_WARN_CONSTANT_CONVERSION = YES;
				CLANG_WARN_DIRECT_OBJC_ISA_USAGE = YES_ERROR;
				CLANG_WARN_DOCUMENTATION_COMMENTS = YES;
				CLANG_WARN_EMPTY_BODY = YES;
				CLANG_WARN_ENUM_CONVERSION = YES;
				CLANG_WARN_INFINITE_RECURSION = YES;
				CLANG_WARN_INT_CONVERSION = YES;
				CLANG_WARN_OBJC_ROOT_CLASS = YES_ERROR;
				CLANG_WARN_SUSPICIOUS_MOVE = YES;
				CLANG_WARN_UNREACHABLE_CODE = YES;
				CLANG_WARN__DUPLICATE_METHOD_MATCH = YES;
				"CODE_SIGN_IDENTITY[sdk=iphoneos*]" = "iPhone Developer";
				COPY_PHASE_STRIP = NO;
				DEBUG_INFORMATION_FORMAT = dwarf;
				ENABLE_STRICT_OBJC_MSGSEND = YES;
				ENABLE_TESTABILITY = YES;
				GCC_C_LANGUAGE_STANDARD = gnu99;
				GCC_DYNAMIC_NO_PIC = NO;
				GCC_NO_COMMON_BLOCKS = YES;
				GCC_OPTIMIZATION_LEVEL = 0;
				GCC_PREPROCESSOR_DEFINITIONS = (
					"DEBUG=1",
					"$(inherited)",
				);
				GCC_WARN_64_TO_32_BIT_CONVERSION = YES;
				GCC_WARN_ABOUT_RETURN_TYPE = YES_ERROR;
				GCC_WARN_UNDECLARED_SELECTOR = YES;
				GCC_WARN_UNINITIALIZED_AUTOS = YES_AGGRESSIVE;
				GCC_WARN_UNUSED_FUNCTION = YES;
				GCC_WARN_UNUSED_VARIABLE = YES;
				IPHONEOS_DEPLOYMENT_TARGET = 10.3;
				MTL_ENABLE_DEBUG_INFO = YES;
				ONLY_ACTIVE_ARCH = YES;
				SDKROOT = iphoneos;
				SWIFT_ACTIVE_COMPILATION_CONDITIONS = DEBUG;
				SWIFT_OPTIMIZATION_LEVEL = "-Onone";
			};
			name = Debug;
		};
		D253324A1F341A8200AB12CB /* Release */ = {
			isa = XCBuildConfiguration;
			buildSettings = {
				ALWAYS_SEARCH_USER_PATHS = NO;
				CLANG_ANALYZER_NONNULL = YES;
				CLANG_ANALYZER_NUMBER_OBJECT_CONVERSION = YES_AGGRESSIVE;
				CLANG_CXX_LANGUAGE_STANDARD = "gnu++0x";
				CLANG_CXX_LIBRARY = "libc++";
				CLANG_ENABLE_MODULES = YES;
				CLANG_ENABLE_OBJC_ARC = YES;
				CLANG_WARN_BOOL_CONVERSION = YES;
				CLANG_WARN_CONSTANT_CONVERSION = YES;
				CLANG_WARN_DIRECT_OBJC_ISA_USAGE = YES_ERROR;
				CLANG_WARN_DOCUMENTATION_COMMENTS = YES;
				CLANG_WARN_EMPTY_BODY = YES;
				CLANG_WARN_ENUM_CONVERSION = YES;
				CLANG_WARN_INFINITE_RECURSION = YES;
				CLANG_WARN_INT_CONVERSION = YES;
				CLANG_WARN_OBJC_ROOT_CLASS = YES_ERROR;
				CLANG_WARN_SUSPICIOUS_MOVE = YES;
				CLANG_WARN_UNREACHABLE_CODE = YES;
				CLANG_WARN__DUPLICATE_METHOD_MATCH = YES;
				"CODE_SIGN_IDENTITY[sdk=iphoneos*]" = "iPhone Developer";
				COPY_PHASE_STRIP = NO;
				DEBUG_INFORMATION_FORMAT = "dwarf-with-dsym";
				ENABLE_NS_ASSERTIONS = NO;
				ENABLE_STRICT_OBJC_MSGSEND = YES;
				GCC_C_LANGUAGE_STANDARD = gnu99;
				GCC_NO_COMMON_BLOCKS = YES;
				GCC_WARN_64_TO_32_BIT_CONVERSION = YES;
				GCC_WARN_ABOUT_RETURN_TYPE = YES_ERROR;
				GCC_WARN_UNDECLARED_SELECTOR = YES;
				GCC_WARN_UNINITIALIZED_AUTOS = YES_AGGRESSIVE;
				GCC_WARN_UNUSED_FUNCTION = YES;
				GCC_WARN_UNUSED_VARIABLE = YES;
				IPHONEOS_DEPLOYMENT_TARGET = 10.3;
				MTL_ENABLE_DEBUG_INFO = NO;
				SDKROOT = iphoneos;
				SWIFT_OPTIMIZATION_LEVEL = "-Owholemodule";
				VALIDATE_PRODUCT = YES;
			};
			name = Release;
		};
		D253324C1F341A8200AB12CB /* Debug */ = {
			isa = XCBuildConfiguration;
			baseConfigurationReference = 98AAB7E9665C59A97DC5DB16 /* Pods-FactCar.debug.xcconfig */;
			buildSettings = {
				ASSETCATALOG_COMPILER_APPICON_NAME = AppIcon;
				CLANG_ENABLE_MODULES = YES;
				DEVELOPMENT_TEAM = 4XQRJRP48E;
				INFOPLIST_FILE = /Users/LeoTai/Documents/GitHub/FactCar/FactCar/System/Info.plist;
				IPHONEOS_DEPLOYMENT_TARGET = 9.0;
				LD_RUNPATH_SEARCH_PATHS = "$(inherited) @executable_path/Frameworks";
				PRODUCT_BUNDLE_IDENTIFIER = com.InternetInfoAgency.KeynewsCar;
				PRODUCT_NAME = "$(TARGET_NAME)";
				SWIFT_OBJC_BRIDGING_HEADER = "FactCar/System/FactCar-Bridging-Header.h";
				SWIFT_OPTIMIZATION_LEVEL = "-Onone";
				SWIFT_VERSION = 3.0;
				USER_HEADER_SEARCH_PATHS = "$PODS_ROOT/**";
			};
			name = Debug;
		};
		D253324D1F341A8200AB12CB /* Release */ = {
			isa = XCBuildConfiguration;
			baseConfigurationReference = 83FEC9D84CA26BADCD59AAA6 /* Pods-FactCar.release.xcconfig */;
			buildSettings = {
				ASSETCATALOG_COMPILER_APPICON_NAME = AppIcon;
				CLANG_ENABLE_MODULES = YES;
				DEVELOPMENT_TEAM = 4XQRJRP48E;
				INFOPLIST_FILE = /Users/LeoTai/Documents/GitHub/FactCar/FactCar/System/Info.plist;
				IPHONEOS_DEPLOYMENT_TARGET = 9.0;
				LD_RUNPATH_SEARCH_PATHS = "$(inherited) @executable_path/Frameworks";
				PRODUCT_BUNDLE_IDENTIFIER = com.InternetInfoAgency.KeynewsCar;
				PRODUCT_NAME = "$(TARGET_NAME)";
				SWIFT_OBJC_BRIDGING_HEADER = "FactCar/System/FactCar-Bridging-Header.h";
				SWIFT_VERSION = 3.0;
				USER_HEADER_SEARCH_PATHS = "$PODS_ROOT/**";
			};
			name = Release;
		};
/* End XCBuildConfiguration section */

/* Begin XCConfigurationList section */
		D25332341F341A8200AB12CB /* Build configuration list for PBXProject "FactCar" */ = {
			isa = XCConfigurationList;
			buildConfigurations = (
				D25332491F341A8200AB12CB /* Debug */,
				D253324A1F341A8200AB12CB /* Release */,
			);
			defaultConfigurationIsVisible = 0;
			defaultConfigurationName = Release;
		};
		D253324B1F341A8200AB12CB /* Build configuration list for PBXNativeTarget "FactCar" */ = {
			isa = XCConfigurationList;
			buildConfigurations = (
				D253324C1F341A8200AB12CB /* Debug */,
				D253324D1F341A8200AB12CB /* Release */,
			);
			defaultConfigurationIsVisible = 0;
			defaultConfigurationName = Release;
		};
/* End XCConfigurationList section */
	};
	rootObject = D25332311F341A8200AB12CB /* Project object */;
}
