// !$*UTF8*$!
{
	archiveVersion = 1;
	classes = {
	};
	objectVersion = 46;
	objects = {

/* Begin PBXBuildFile section */
		D253323F1F341A8200AB12CB /* ViewController.swift in Sources */ = {isa = PBXBuildFile; fileRef = D253323E1F341A8200AB12CB /* ViewController.swift */; };
		D25332421F341A8200AB12CB /* Main.storyboard in Resources */ = {isa = PBXBuildFile; fileRef = D25332401F341A8200AB12CB /* Main.storyboard */; };
		D25332441F341A8200AB12CB /* Assets.xcassets in Resources */ = {isa = PBXBuildFile; fileRef = D25332431F341A8200AB12CB /* Assets.xcassets */; };
		D25332471F341A8200AB12CB /* LaunchScreen.storyboard in Resources */ = {isa = PBXBuildFile; fileRef = D25332451F341A8200AB12CB /* LaunchScreen.storyboard */; };
		D25332631F341D8F00AB12CB /* AppDelegate.swift in Sources */ = {isa = PBXBuildFile; fileRef = D25332601F341D8F00AB12CB /* AppDelegate.swift */; };
		D25332641F341D8F00AB12CB /* Info.plist in Resources */ = {isa = PBXBuildFile; fileRef = D25332611F341D8F00AB12CB /* Info.plist */; };
		D2F0951F1F3440380049BB39 /* News.storyboard in Resources */ = {isa = PBXBuildFile; fileRef = D2F0951E1F3440380049BB39 /* News.storyboard */; };
		D2F095211F344FAD0049BB39 /* NewsModel.swift in Sources */ = {isa = PBXBuildFile; fileRef = D2F095201F344FAD0049BB39 /* NewsModel.swift */; };
		D2F095231F344FCA0049BB39 /* NewsNetServer.swift in Sources */ = {isa = PBXBuildFile; fileRef = D2F095221F344FCA0049BB39 /* NewsNetServer.swift */; };
		D2F095251F344FDD0049BB39 /* NewsView.xib in Resources */ = {isa = PBXBuildFile; fileRef = D2F095241F344FDD0049BB39 /* NewsView.xib */; };
		D2F095271F344FF90049BB39 /* My.storyboard in Resources */ = {isa = PBXBuildFile; fileRef = D2F095261F344FF90049BB39 /* My.storyboard */; };
		D2F095291F3450070049BB39 /* MyModel.swift in Sources */ = {isa = PBXBuildFile; fileRef = D2F095281F3450070049BB39 /* MyModel.swift */; };
		D2F0952B1F34501C0049BB39 /* MyNetServer.swift in Sources */ = {isa = PBXBuildFile; fileRef = D2F0952A1F34501C0049BB39 /* MyNetServer.swift */; };
		D2F0952D1F34502A0049BB39 /* MyView.xib in Resources */ = {isa = PBXBuildFile; fileRef = D2F0952C1F34502A0049BB39 /* MyView.xib */; };
		D2F0952F1F34504F0049BB39 /* Activity.storyboard in Resources */ = {isa = PBXBuildFile; fileRef = D2F0952E1F34504F0049BB39 /* Activity.storyboard */; };
		D2F095311F34506C0049BB39 /* ActivityModel.swift in Sources */ = {isa = PBXBuildFile; fileRef = D2F095301F34506C0049BB39 /* ActivityModel.swift */; };
		D2F095331F3450A20049BB39 /* ActivityNetServer.swift in Sources */ = {isa = PBXBuildFile; fileRef = D2F095321F3450A20049BB39 /* ActivityNetServer.swift */; };
		D2F095351F3450F70049BB39 /* Activity.xib in Resources */ = {isa = PBXBuildFile; fileRef = D2F095341F3450F70049BB39 /* Activity.xib */; };
		D2F095371F3451350049BB39 /* Choiceness.storyboard in Resources */ = {isa = PBXBuildFile; fileRef = D2F095361F3451350049BB39 /* Choiceness.storyboard */; };
		D2F095391F34514B0049BB39 /* ChoicenessModel.swift in Sources */ = {isa = PBXBuildFile; fileRef = D2F095381F34514B0049BB39 /* ChoicenessModel.swift */; };
		D2F0953B1F3451680049BB39 /* ChoicenessNetServer.swift in Sources */ = {isa = PBXBuildFile; fileRef = D2F0953A1F3451680049BB39 /* ChoicenessNetServer.swift */; };
		D2F0953D1F3451940049BB39 /* Choiceness.xib in Resources */ = {isa = PBXBuildFile; fileRef = D2F0953C1F3451940049BB39 /* Choiceness.xib */; };
		D2F0953F1F3451B30049BB39 /* ChooseCar.storyboard in Resources */ = {isa = PBXBuildFile; fileRef = D2F0953E1F3451B30049BB39 /* ChooseCar.storyboard */; };
		D2F095411F3452520049BB39 /* ChooseCarModel.swift in Sources */ = {isa = PBXBuildFile; fileRef = D2F095401F3452520049BB39 /* ChooseCarModel.swift */; };
		D2F095431F34526A0049BB39 /* ChooseCarNetServer.swift in Sources */ = {isa = PBXBuildFile; fileRef = D2F095421F34526A0049BB39 /* ChooseCarNetServer.swift */; };
		D2F095451F3452750049BB39 /* ChooseCar.xib in Resources */ = {isa = PBXBuildFile; fileRef = D2F095441F3452750049BB39 /* ChooseCar.xib */; };
		D2F095471F3452920049BB39 /* FactCarCategory.swift in Sources */ = {isa = PBXBuildFile; fileRef = D2F095461F3452920049BB39 /* FactCarCategory.swift */; };
		D2F095491F3452A80049BB39 /* FactCarDefine.swift in Sources */ = {isa = PBXBuildFile; fileRef = D2F095481F3452A80049BB39 /* FactCarDefine.swift */; };
		D2F0954B1F3452C80049BB39 /* FactCarPublicView.swift in Sources */ = {isa = PBXBuildFile; fileRef = D2F0954A1F3452C80049BB39 /* FactCarPublicView.swift */; };
/* End PBXBuildFile section */

/* Begin PBXFileReference section */
		D25332391F341A8200AB12CB /* FactCar.app */ = {isa = PBXFileReference; explicitFileType = wrapper.application; includeInIndex = 0; path = FactCar.app; sourceTree = BUILT_PRODUCTS_DIR; };
		D253323E1F341A8200AB12CB /* ViewController.swift */ = {isa = PBXFileReference; lastKnownFileType = sourcecode.swift; path = ViewController.swift; sourceTree = "<group>"; };
		D25332411F341A8200AB12CB /* Base */ = {isa = PBXFileReference; lastKnownFileType = file.storyboard; name = Base; path = Base.lproj/Main.storyboard; sourceTree = "<group>"; };
		D25332431F341A8200AB12CB /* Assets.xcassets */ = {isa = PBXFileReference; lastKnownFileType = folder.assetcatalog; path = Assets.xcassets; sourceTree = "<group>"; };
		D25332461F341A8200AB12CB /* Base */ = {isa = PBXFileReference; lastKnownFileType = file.storyboard; name = Base; path = Base.lproj/LaunchScreen.storyboard; sourceTree = "<group>"; };
		D25332601F341D8F00AB12CB /* AppDelegate.swift */ = {isa = PBXFileReference; fileEncoding = 4; lastKnownFileType = sourcecode.swift; path = AppDelegate.swift; sourceTree = "<group>"; };
		D25332611F341D8F00AB12CB /* Info.plist */ = {isa = PBXFileReference; fileEncoding = 4; lastKnownFileType = text.plist.xml; path = Info.plist; sourceTree = "<group>"; };
		D2F0951E1F3440380049BB39 /* News.storyboard */ = {isa = PBXFileReference; fileEncoding = 4; lastKnownFileType = file.storyboard; path = News.storyboard; sourceTree = "<group>"; };
		D2F095201F344FAD0049BB39 /* NewsModel.swift */ = {isa = PBXFileReference; fileEncoding = 4; lastKnownFileType = sourcecode.swift; path = NewsModel.swift; sourceTree = "<group>"; };
		D2F095221F344FCA0049BB39 /* NewsNetServer.swift */ = {isa = PBXFileReference; fileEncoding = 4; lastKnownFileType = sourcecode.swift; path = NewsNetServer.swift; sourceTree = "<group>"; };
		D2F095241F344FDD0049BB39 /* NewsView.xib */ = {isa = PBXFileReference; fileEncoding = 4; lastKnownFileType = file.xib; path = NewsView.xib; sourceTree = "<group>"; };
		D2F095261F344FF90049BB39 /* My.storyboard */ = {isa = PBXFileReference; fileEncoding = 4; lastKnownFileType = file.storyboard; path = My.storyboard; sourceTree = "<group>"; };
		D2F095281F3450070049BB39 /* MyModel.swift */ = {isa = PBXFileReference; fileEncoding = 4; lastKnownFileType = sourcecode.swift; path = MyModel.swift; sourceTree = "<group>"; };
		D2F0952A1F34501C0049BB39 /* MyNetServer.swift */ = {isa = PBXFileReference; fileEncoding = 4; lastKnownFileType = sourcecode.swift; path = MyNetServer.swift; sourceTree = "<group>"; };
		D2F0952C1F34502A0049BB39 /* MyView.xib */ = {isa = PBXFileReference; fileEncoding = 4; lastKnownFileType = file.xib; path = MyView.xib; sourceTree = "<group>"; };
		D2F0952E1F34504F0049BB39 /* Activity.storyboard */ = {isa = PBXFileReference; fileEncoding = 4; lastKnownFileType = file.storyboard; path = Activity.storyboard; sourceTree = "<group>"; };
		D2F095301F34506C0049BB39 /* ActivityModel.swift */ = {isa = PBXFileReference; fileEncoding = 4; lastKnownFileType = sourcecode.swift; path = ActivityModel.swift; sourceTree = "<group>"; };
		D2F095321F3450A20049BB39 /* ActivityNetServer.swift */ = {isa = PBXFileReference; fileEncoding = 4; lastKnownFileType = sourcecode.swift; path = ActivityNetServer.swift; sourceTree = "<group>"; };
		D2F095341F3450F70049BB39 /* Activity.xib */ = {isa = PBXFileReference; fileEncoding = 4; lastKnownFileType = file.xib; path = Activity.xib; sourceTree = "<group>"; };
		D2F095361F3451350049BB39 /* Choiceness.storyboard */ = {isa = PBXFileReference; fileEncoding = 4; lastKnownFileType = file.storyboard; path = Choiceness.storyboard; sourceTree = "<group>"; };
		D2F095381F34514B0049BB39 /* ChoicenessModel.swift */ = {isa = PBXFileReference; fileEncoding = 4; lastKnownFileType = sourcecode.swift; path = ChoicenessModel.swift; sourceTree = "<group>"; };
		D2F0953A1F3451680049BB39 /* ChoicenessNetServer.swift */ = {isa = PBXFileReference; fileEncoding = 4; lastKnownFileType = sourcecode.swift; path = ChoicenessNetServer.swift; sourceTree = "<group>"; };
		D2F0953C1F3451940049BB39 /* Choiceness.xib */ = {isa = PBXFileReference; fileEncoding = 4; lastKnownFileType = file.xib; path = Choiceness.xib; sourceTree = "<group>"; };
		D2F0953E1F3451B30049BB39 /* ChooseCar.storyboard */ = {isa = PBXFileReference; fileEncoding = 4; lastKnownFileType = file.storyboard; path = ChooseCar.storyboard; sourceTree = "<group>"; };
		D2F095401F3452520049BB39 /* ChooseCarModel.swift */ = {isa = PBXFileReference; fileEncoding = 4; lastKnownFileType = sourcecode.swift; path = ChooseCarModel.swift; sourceTree = "<group>"; };
		D2F095421F34526A0049BB39 /* ChooseCarNetServer.swift */ = {isa = PBXFileReference; fileEncoding = 4; lastKnownFileType = sourcecode.swift; path = ChooseCarNetServer.swift; sourceTree = "<group>"; };
		D2F095441F3452750049BB39 /* ChooseCar.xib */ = {isa = PBXFileReference; fileEncoding = 4; lastKnownFileType = file.xib; path = ChooseCar.xib; sourceTree = "<group>"; };
		D2F095461F3452920049BB39 /* FactCarCategory.swift */ = {isa = PBXFileReference; fileEncoding = 4; lastKnownFileType = sourcecode.swift; path = FactCarCategory.swift; sourceTree = "<group>"; };
		D2F095481F3452A80049BB39 /* FactCarDefine.swift */ = {isa = PBXFileReference; fileEncoding = 4; lastKnownFileType = sourcecode.swift; path = FactCarDefine.swift; sourceTree = "<group>"; };
		D2F0954A1F3452C80049BB39 /* FactCarPublicView.swift */ = {isa = PBXFileReference; fileEncoding = 4; lastKnownFileType = sourcecode.swift; path = FactCarPublicView.swift; sourceTree = "<group>"; };
/* End PBXFileReference section */

/* Begin PBXFrameworksBuildPhase section */
		D25332361F341A8200AB12CB /* Frameworks */ = {
			isa = PBXFrameworksBuildPhase;
			buildActionMask = 2147483647;
			files = (
			);
			runOnlyForDeploymentPostprocessing = 0;
		};
/* End PBXFrameworksBuildPhase section */

/* Begin PBXGroup section */
		D25332301F341A8200AB12CB = {
			isa = PBXGroup;
			children = (
				D253323B1F341A8200AB12CB /* FactCar */,
				D253323A1F341A8200AB12CB /* Products */,
			);
			sourceTree = "<group>";
		};
		D253323A1F341A8200AB12CB /* Products */ = {
			isa = PBXGroup;
			children = (
				D25332391F341A8200AB12CB /* FactCar.app */,
			);
			name = Products;
			sourceTree = "<group>";
		};
		D253323B1F341A8200AB12CB /* FactCar */ = {
			isa = PBXGroup;
			children = (
				D2F095051F343B0D0049BB39 /* First */,
				D2F0950A1F343B0D0049BB39 /* Five */,
				D2F0950F1F343B0D0049BB39 /* Four */,
				D2F095141F343B0D0049BB39 /* Second */,
				D2F095191F343B0D0049BB39 /* Third */,
				D25332541F341D8F00AB12CB /* Category */,
				D25332551F341D8F00AB12CB /* Define */,
				D253325D1F341D8F00AB12CB /* Public */,
				D253325F1F341D8F00AB12CB /* System */,
				D25332651F341DD400AB12CB /* Main */,
				D25332431F341A8200AB12CB /* Assets.xcassets */,
				D25332451F341A8200AB12CB /* LaunchScreen.storyboard */,
			);
			path = FactCar;
			sourceTree = "<group>";
		};
		D25332541F341D8F00AB12CB /* Category */ = {
			isa = PBXGroup;
			children = (
				D2F095461F3452920049BB39 /* FactCarCategory.swift */,
			);
			path = Category;
			sourceTree = "<group>";
		};
		D25332551F341D8F00AB12CB /* Define */ = {
			isa = PBXGroup;
			children = (
				D2F095481F3452A80049BB39 /* FactCarDefine.swift */,
			);
			path = Define;
			sourceTree = "<group>";
		};
		D253325D1F341D8F00AB12CB /* Public */ = {
			isa = PBXGroup;
			children = (
				D2F0954A1F3452C80049BB39 /* FactCarPublicView.swift */,
			);
			path = Public;
			sourceTree = "<group>";
		};
		D253325F1F341D8F00AB12CB /* System */ = {
			isa = PBXGroup;
			children = (
				D25332601F341D8F00AB12CB /* AppDelegate.swift */,
				D25332611F341D8F00AB12CB /* Info.plist */,
			);
			path = System;
			sourceTree = "<group>";
		};
		D25332651F341DD400AB12CB /* Main */ = {
			isa = PBXGroup;
			children = (
				D253323E1F341A8200AB12CB /* ViewController.swift */,
				D25332401F341A8200AB12CB /* Main.storyboard */,
			);
			name = Main;
			sourceTree = "<group>";
		};
		D2F095051F343B0D0049BB39 /* First */ = {
			isa = PBXGroup;
			children = (
				D2F095061F343B0D0049BB39 /* C */,
				D2F095071F343B0D0049BB39 /* M */,
				D2F095081F343B0D0049BB39 /* NetWorkServer */,
				D2F095091F343B0D0049BB39 /* V */,
			);
			path = First;
			sourceTree = "<group>";
		};
		D2F095061F343B0D0049BB39 /* C */ = {
			isa = PBXGroup;
			children = (
				D2F0951E1F3440380049BB39 /* News.storyboard */,
			);
			path = C;
			sourceTree = "<group>";
		};
		D2F095071F343B0D0049BB39 /* M */ = {
			isa = PBXGroup;
			children = (
				D2F095201F344FAD0049BB39 /* NewsModel.swift */,
			);
			path = M;
			sourceTree = "<group>";
		};
		D2F095081F343B0D0049BB39 /* NetWorkServer */ = {
			isa = PBXGroup;
			children = (
				D2F095221F344FCA0049BB39 /* NewsNetServer.swift */,
			);
			path = NetWorkServer;
			sourceTree = "<group>";
		};
		D2F095091F343B0D0049BB39 /* V */ = {
			isa = PBXGroup;
			children = (
				D2F095241F344FDD0049BB39 /* NewsView.xib */,
			);
			path = V;
			sourceTree = "<group>";
		};
		D2F0950A1F343B0D0049BB39 /* Five */ = {
			isa = PBXGroup;
			children = (
				D2F0950B1F343B0D0049BB39 /* C */,
				D2F0950C1F343B0D0049BB39 /* M */,
				D2F0950D1F343B0D0049BB39 /* NetWorkServer */,
				D2F0950E1F343B0D0049BB39 /* V */,
			);
			path = Five;
			sourceTree = "<group>";
		};
		D2F0950B1F343B0D0049BB39 /* C */ = {
			isa = PBXGroup;
			children = (
				D2F095261F344FF90049BB39 /* My.storyboard */,
			);
			path = C;
			sourceTree = "<group>";
		};
		D2F0950C1F343B0D0049BB39 /* M */ = {
			isa = PBXGroup;
			children = (
				D2F095281F3450070049BB39 /* MyModel.swift */,
			);
			path = M;
			sourceTree = "<group>";
		};
		D2F0950D1F343B0D0049BB39 /* NetWorkServer */ = {
			isa = PBXGroup;
			children = (
				D2F0952A1F34501C0049BB39 /* MyNetServer.swift */,
			);
			path = NetWorkServer;
			sourceTree = "<group>";
		};
		D2F0950E1F343B0D0049BB39 /* V */ = {
			isa = PBXGroup;
			children = (
				D2F0952C1F34502A0049BB39 /* MyView.xib */,
			);
			path = V;
			sourceTree = "<group>";
		};
		D2F0950F1F343B0D0049BB39 /* Four */ = {
			isa = PBXGroup;
			children = (
				D2F095101F343B0D0049BB39 /* C */,
				D2F095111F343B0D0049BB39 /* M */,
				D2F095121F343B0D0049BB39 /* NetWorkServer */,
				D2F095131F343B0D0049BB39 /* V */,
			);
			path = Four;
			sourceTree = "<group>";
		};
		D2F095101F343B0D0049BB39 /* C */ = {
			isa = PBXGroup;
			children = (
				D2F0952E1F34504F0049BB39 /* Activity.storyboard */,
			);
			path = C;
			sourceTree = "<group>";
		};
		D2F095111F343B0D0049BB39 /* M */ = {
			isa = PBXGroup;
			children = (
				D2F095301F34506C0049BB39 /* ActivityModel.swift */,
			);
			path = M;
			sourceTree = "<group>";
		};
		D2F095121F343B0D0049BB39 /* NetWorkServer */ = {
			isa = PBXGroup;
			children = (
				D2F095321F3450A20049BB39 /* ActivityNetServer.swift */,
			);
			path = NetWorkServer;
			sourceTree = "<group>";
		};
		D2F095131F343B0D0049BB39 /* V */ = {
			isa = PBXGroup;
			children = (
				D2F095341F3450F70049BB39 /* Activity.xib */,
			);
			path = V;
			sourceTree = "<group>";
		};
		D2F095141F343B0D0049BB39 /* Second */ = {
			isa = PBXGroup;
			children = (
				D2F095151F343B0D0049BB39 /* C */,
				D2F095161F343B0D0049BB39 /* M */,
				D2F095171F343B0D0049BB39 /* NetWorkServer */,
				D2F095181F343B0D0049BB39 /* V */,
			);
			path = Second;
			sourceTree = "<group>";
		};
		D2F095151F343B0D0049BB39 /* C */ = {
			isa = PBXGroup;
			children = (
				D2F095361F3451350049BB39 /* Choiceness.storyboard */,
			);
			path = C;
			sourceTree = "<group>";
		};
		D2F095161F343B0D0049BB39 /* M */ = {
			isa = PBXGroup;
			children = (
				D2F095381F34514B0049BB39 /* ChoicenessModel.swift */,
			);
			path = M;
			sourceTree = "<group>";
		};
		D2F095171F343B0D0049BB39 /* NetWorkServer */ = {
			isa = PBXGroup;
			children = (
				D2F0953A1F3451680049BB39 /* ChoicenessNetServer.swift */,
			);
			path = NetWorkServer;
			sourceTree = "<group>";
		};
		D2F095181F343B0D0049BB39 /* V */ = {
			isa = PBXGroup;
			children = (
				D2F0953C1F3451940049BB39 /* Choiceness.xib */,
			);
			path = V;
			sourceTree = "<group>";
		};
		D2F095191F343B0D0049BB39 /* Third */ = {
			isa = PBXGroup;
			children = (
				D2F0951A1F343B0D0049BB39 /* C */,
				D2F0951B1F343B0D0049BB39 /* M */,
				D2F0951C1F343B0D0049BB39 /* NetWorkServer */,
				D2F0951D1F343B0D0049BB39 /* V */,
			);
			path = Third;
			sourceTree = "<group>";
		};
		D2F0951A1F343B0D0049BB39 /* C */ = {
			isa = PBXGroup;
			children = (
				D2F0953E1F3451B30049BB39 /* ChooseCar.storyboard */,
			);
			path = C;
			sourceTree = "<group>";
		};
		D2F0951B1F343B0D0049BB39 /* M */ = {
			isa = PBXGroup;
			children = (
				D2F095401F3452520049BB39 /* ChooseCarModel.swift */,
			);
			path = M;
			sourceTree = "<group>";
		};
		D2F0951C1F343B0D0049BB39 /* NetWorkServer */ = {
			isa = PBXGroup;
			children = (
				D2F095421F34526A0049BB39 /* ChooseCarNetServer.swift */,
			);
			path = NetWorkServer;
			sourceTree = "<group>";
		};
		D2F0951D1F343B0D0049BB39 /* V */ = {
			isa = PBXGroup;
			children = (
				D2F095441F3452750049BB39 /* ChooseCar.xib */,
			);
			path = V;
			sourceTree = "<group>";
		};
/* End PBXGroup section */

/* Begin PBXNativeTarget section */
		D25332381F341A8200AB12CB /* FactCar */ = {
			isa = PBXNativeTarget;
			buildConfigurationList = D253324B1F341A8200AB12CB /* Build configuration list for PBXNativeTarget "FactCar" */;
			buildPhases = (
				D25332351F341A8200AB12CB /* Sources */,
				D25332361F341A8200AB12CB /* Frameworks */,
				D25332371F341A8200AB12CB /* Resources */,
			);
			buildRules = (
			);
			dependencies = (
			);
			name = FactCar;
			productName = FactCar;
			productReference = D25332391F341A8200AB12CB /* FactCar.app */;
			productType = "com.apple.product-type.application";
		};
/* End PBXNativeTarget section */

/* Begin PBXProject section */
		D25332311F341A8200AB12CB /* Project object */ = {
			isa = PBXProject;
			attributes = {
				LastSwiftUpdateCheck = 0830;
				LastUpgradeCheck = 0830;
				ORGANIZATIONNAME = "邢浩";
				TargetAttributes = {
					D25332381F341A8200AB12CB = {
						CreatedOnToolsVersion = 8.3.3;
						DevelopmentTeam = 4XQRJRP48E;
						ProvisioningStyle = Automatic;
					};
				};
			};
			buildConfigurationList = D25332341F341A8200AB12CB /* Build configuration list for PBXProject "FactCar" */;
			compatibilityVersion = "Xcode 3.2";
			developmentRegion = English;
			hasScannedForEncodings = 0;
			knownRegions = (
				en,
				Base,
			);
			mainGroup = D25332301F341A8200AB12CB;
			productRefGroup = D253323A1F341A8200AB12CB /* Products */;
			projectDirPath = "";
			projectRoot = "";
			targets = (
				D25332381F341A8200AB12CB /* FactCar */,
			);
		};
/* End PBXProject section */

/* Begin PBXResourcesBuildPhase section */
		D25332371F341A8200AB12CB /* Resources */ = {
			isa = PBXResourcesBuildPhase;
			buildActionMask = 2147483647;
			files = (
				D25332641F341D8F00AB12CB /* Info.plist in Resources */,
				D2F0952F1F34504F0049BB39 /* Activity.storyboard in Resources */,
				D2F095251F344FDD0049BB39 /* NewsView.xib in Resources */,
				D25332471F341A8200AB12CB /* LaunchScreen.storyboard in Resources */,
				D2F095351F3450F70049BB39 /* Activity.xib in Resources */,
				D2F095451F3452750049BB39 /* ChooseCar.xib in Resources */,
				D2F095371F3451350049BB39 /* Choiceness.storyboard in Resources */,
				D2F0951F1F3440380049BB39 /* News.storyboard in Resources */,
				D2F0953D1F3451940049BB39 /* Choiceness.xib in Resources */,
				D2F0953F1F3451B30049BB39 /* ChooseCar.storyboard in Resources */,
				D2F0952D1F34502A0049BB39 /* MyView.xib in Resources */,
				D25332441F341A8200AB12CB /* Assets.xcassets in Resources */,
				D25332421F341A8200AB12CB /* Main.storyboard in Resources */,
				D2F095271F344FF90049BB39 /* My.storyboard in Resources */,
			);
			runOnlyForDeploymentPostprocessing = 0;
		};
/* End PBXResourcesBuildPhase section */

/* Begin PBXSourcesBuildPhase section */
		D25332351F341A8200AB12CB /* Sources */ = {
			isa = PBXSourcesBuildPhase;
			buildActionMask = 2147483647;
			files = (
				D2F095211F344FAD0049BB39 /* NewsModel.swift in Sources */,
				D2F095231F344FCA0049BB39 /* NewsNetServer.swift in Sources */,
				D2F095291F3450070049BB39 /* MyModel.swift in Sources */,
				D25332631F341D8F00AB12CB /* AppDelegate.swift in Sources */,
				D2F095431F34526A0049BB39 /* ChooseCarNetServer.swift in Sources */,
				D2F095471F3452920049BB39 /* FactCarCategory.swift in Sources */,
				D2F0952B1F34501C0049BB39 /* MyNetServer.swift in Sources */,
				D2F095331F3450A20049BB39 /* ActivityNetServer.swift in Sources */,
				D2F0953B1F3451680049BB39 /* ChoicenessNetServer.swift in Sources */,
				D2F095411F3452520049BB39 /* ChooseCarModel.swift in Sources */,
				D2F0954B1F3452C80049BB39 /* FactCarPublicView.swift in Sources */,
				D2F095311F34506C0049BB39 /* ActivityModel.swift in Sources */,
				D2F095491F3452A80049BB39 /* FactCarDefine.swift in Sources */,
				D253323F1F341A8200AB12CB /* ViewController.swift in Sources */,
				D2F095391F34514B0049BB39 /* ChoicenessModel.swift in Sources */,
			);
			runOnlyForDeploymentPostprocessing = 0;
		};
/* End PBXSourcesBuildPhase section */

/* Begin PBXVariantGroup section */
		D25332401F341A8200AB12CB /* Main.storyboard */ = {
			isa = PBXVariantGroup;
			children = (
				D25332411F341A8200AB12CB /* Base */,
			);
			name = Main.storyboard;
			sourceTree = "<group>";
		};
		D25332451F341A8200AB12CB /* LaunchScreen.storyboard */ = {
			isa = PBXVariantGroup;
			children = (
				D25332461F341A8200AB12CB /* Base */,
			);
			name = LaunchScreen.storyboard;
			sourceTree = "<group>";
		};
/* End PBXVariantGroup section */

/* Begin XCBuildConfiguration section */
		D25332491F341A8200AB12CB /* Debug */ = {
			isa = XCBuildConfiguration;
			buildSettings = {
				ALWAYS_SEARCH_USER_PATHS = NO;
				CLANG_ANALYZER_NONNULL = YES;
				CLANG_ANALYZER_NUMBER_OBJECT_CONVERSION = YES_AGGRESSIVE;
				CLANG_CXX_LANGUAGE_STANDARD = "gnu++0x";
				CLANG_CXX_LIBRARY = "libc++";
				CLANG_ENABLE_MODULES = YES;
				CLANG_ENABLE_OBJC_ARC = YES;
				CLANG_WARN_BOOL_CONVERSION = YES;
				CLANG_WARN_CONSTANT_CONVERSION = YES;
				CLANG_WARN_DIRECT_OBJC_ISA_USAGE = YES_ERROR;
				CLANG_WARN_DOCUMENTATION_COMMENTS = YES;
				CLANG_WARN_EMPTY_BODY = YES;
				CLANG_WARN_ENUM_CONVERSION = YES;
				CLANG_WARN_INFINITE_RECURSION = YES;
				CLANG_WARN_INT_CONVERSION = YES;
				CLANG_WARN_OBJC_ROOT_CLASS = YES_ERROR;
				CLANG_WARN_SUSPICIOUS_MOVE = YES;
				CLANG_WARN_UNREACHABLE_CODE = YES;
				CLANG_WARN__DUPLICATE_METHOD_MATCH = YES;
				"CODE_SIGN_IDENTITY[sdk=iphoneos*]" = "iPhone Developer";
				COPY_PHASE_STRIP = NO;
				DEBUG_INFORMATION_FORMAT = dwarf;
				ENABLE_STRICT_OBJC_MSGSEND = YES;
				ENABLE_TESTABILITY = YES;
				GCC_C_LANGUAGE_STANDARD = gnu99;
				GCC_DYNAMIC_NO_PIC = NO;
				GCC_NO_COMMON_BLOCKS = YES;
				GCC_OPTIMIZATION_LEVEL = 0;
				GCC_PREPROCESSOR_DEFINITIONS = (
					"DEBUG=1",
					"$(inherited)",
				);
				GCC_WARN_64_TO_32_BIT_CONVERSION = YES;
				GCC_WARN_ABOUT_RETURN_TYPE = YES_ERROR;
				GCC_WARN_UNDECLARED_SELECTOR = YES;
				GCC_WARN_UNINITIALIZED_AUTOS = YES_AGGRESSIVE;
				GCC_WARN_UNUSED_FUNCTION = YES;
				GCC_WARN_UNUSED_VARIABLE = YES;
				IPHONEOS_DEPLOYMENT_TARGET = 10.3;
				MTL_ENABLE_DEBUG_INFO = YES;
				ONLY_ACTIVE_ARCH = YES;
				SDKROOT = iphoneos;
				SWIFT_ACTIVE_COMPILATION_CONDITIONS = DEBUG;
				SWIFT_OPTIMIZATION_LEVEL = "-Onone";
			};
			name = Debug;
		};
		D253324A1F341A8200AB12CB /* Release */ = {
			isa = XCBuildConfiguration;
			buildSettings = {
				ALWAYS_SEARCH_USER_PATHS = NO;
				CLANG_ANALYZER_NONNULL = YES;
				CLANG_ANALYZER_NUMBER_OBJECT_CONVERSION = YES_AGGRESSIVE;
				CLANG_CXX_LANGUAGE_STANDARD = "gnu++0x";
				CLANG_CXX_LIBRARY = "libc++";
				CLANG_ENABLE_MODULES = YES;
				CLANG_ENABLE_OBJC_ARC = YES;
				CLANG_WARN_BOOL_CONVERSION = YES;
				CLANG_WARN_CONSTANT_CONVERSION = YES;
				CLANG_WARN_DIRECT_OBJC_ISA_USAGE = YES_ERROR;
				CLANG_WARN_DOCUMENTATION_COMMENTS = YES;
				CLANG_WARN_EMPTY_BODY = YES;
				CLANG_WARN_ENUM_CONVERSION = YES;
				CLANG_WARN_INFINITE_RECURSION = YES;
				CLANG_WARN_INT_CONVERSION = YES;
				CLANG_WARN_OBJC_ROOT_CLASS = YES_ERROR;
				CLANG_WARN_SUSPICIOUS_MOVE = YES;
				CLANG_WARN_UNREACHABLE_CODE = YES;
				CLANG_WARN__DUPLICATE_METHOD_MATCH = YES;
				"CODE_SIGN_IDENTITY[sdk=iphoneos*]" = "iPhone Developer";
				COPY_PHASE_STRIP = NO;
				DEBUG_INFORMATION_FORMAT = "dwarf-with-dsym";
				ENABLE_NS_ASSERTIONS = NO;
				ENABLE_STRICT_OBJC_MSGSEND = YES;
				GCC_C_LANGUAGE_STANDARD = gnu99;
				GCC_NO_COMMON_BLOCKS = YES;
				GCC_WARN_64_TO_32_BIT_CONVERSION = YES;
				GCC_WARN_ABOUT_RETURN_TYPE = YES_ERROR;
				GCC_WARN_UNDECLARED_SELECTOR = YES;
				GCC_WARN_UNINITIALIZED_AUTOS = YES_AGGRESSIVE;
				GCC_WARN_UNUSED_FUNCTION = YES;
				GCC_WARN_UNUSED_VARIABLE = YES;
				IPHONEOS_DEPLOYMENT_TARGET = 10.3;
				MTL_ENABLE_DEBUG_INFO = NO;
				SDKROOT = iphoneos;
				SWIFT_OPTIMIZATION_LEVEL = "-Owholemodule";
				VALIDATE_PRODUCT = YES;
			};
			name = Release;
		};
		D253324C1F341A8200AB12CB /* Debug */ = {
			isa = XCBuildConfiguration;
			buildSettings = {
				ASSETCATALOG_COMPILER_APPICON_NAME = AppIcon;
				DEVELOPMENT_TEAM = 4XQRJRP48E;
				INFOPLIST_FILE = FactCar/Info.plist;
				IPHONEOS_DEPLOYMENT_TARGET = 9.0;
				LD_RUNPATH_SEARCH_PATHS = "$(inherited) @executable_path/Frameworks";
				PRODUCT_BUNDLE_IDENTIFIER = XH.FactCar;
				PRODUCT_NAME = "$(TARGET_NAME)";
				SWIFT_VERSION = 3.0;
			};
			name = Debug;
		};
		D253324D1F341A8200AB12CB /* Release */ = {
			isa = XCBuildConfiguration;
			buildSettings = {
				ASSETCATALOG_COMPILER_APPICON_NAME = AppIcon;
				DEVELOPMENT_TEAM = 4XQRJRP48E;
				INFOPLIST_FILE = FactCar/Info.plist;
				IPHONEOS_DEPLOYMENT_TARGET = 9.0;
				LD_RUNPATH_SEARCH_PATHS = "$(inherited) @executable_path/Frameworks";
				PRODUCT_BUNDLE_IDENTIFIER = XH.FactCar;
				PRODUCT_NAME = "$(TARGET_NAME)";
				SWIFT_VERSION = 3.0;
			};
			name = Release;
		};
/* End XCBuildConfiguration section */

/* Begin XCConfigurationList section */
		D25332341F341A8200AB12CB /* Build configuration list for PBXProject "FactCar" */ = {
			isa = XCConfigurationList;
			buildConfigurations = (
				D25332491F341A8200AB12CB /* Debug */,
				D253324A1F341A8200AB12CB /* Release */,
			);
			defaultConfigurationIsVisible = 0;
			defaultConfigurationName = Release;
		};
		D253324B1F341A8200AB12CB /* Build configuration list for PBXNativeTarget "FactCar" */ = {
			isa = XCConfigurationList;
			buildConfigurations = (
				D253324C1F341A8200AB12CB /* Debug */,
				D253324D1F341A8200AB12CB /* Release */,
			);
			defaultConfigurationIsVisible = 0;
			defaultConfigurationName = Release;
		};
/* End XCConfigurationList section */
	};
	rootObject = D25332311F341A8200AB12CB /* Project object */;
}
